
Microsoft Visual Studio Solution File, Format Version 12.00
# Visual Studio 15
VisualStudioVersion = 15.0.26228.9
MinimumVisualStudioVersion = 10.0.40219.1
Project("{2150E333-8FDC-42A3-9474-1A3956D46DE8}") = "Server", "Server", "{EF0B6F6E-14DD-4E56-B3B7-153B1022A265}"
EndProject
Project("{2150E333-8FDC-42A3-9474-1A3956D46DE8}") = "Mobile", "Mobile", "{3343B638-39B4-4F4A-9E94-3389C0A7B3EA}"
EndProject
Project("{2150E333-8FDC-42A3-9474-1A3956D46DE8}") = "Common", "Common", "{95D0DE2A-C88B-480B-96E0-8CE344A7FB17}"
EndProject
Project("{2150E333-8FDC-42A3-9474-1A3956D46DE8}") = "Tests", "Tests", "{9F4C9537-5DC4-4AEC-9AFB-096E657BE12F}"
EndProject
Project("{FAE04EC0-301F-11D3-BF4B-00C04F79EFBC}") = "Erebus.Mobile.Droid", "Mobile\Erebus.Mobile.Droid\Erebus.Mobile.Droid.csproj", "{9E91894D-FA02-4F02-A47C-8A68BA24D199}"
EndProject
Project("{FAE04EC0-301F-11D3-BF4B-00C04F79EFBC}") = "Erebus.Mobile.iOS", "Mobile\Erebus.Mobile.iOS\Erebus.Mobile.iOS.csproj", "{6B5825AD-4FDA-41DB-9EAB-4B8312CFE600}"
EndProject
Project("{FAE04EC0-301F-11D3-BF4B-00C04F79EFBC}") = "Erebus.Mobile.UWP", "Mobile\Erebus.Mobile.UWP\Erebus.Mobile.UWP.csproj", "{84D5853B-2569-4696-AEA5-6D3EAC273704}"
EndProject
Project("{FAE04EC0-301F-11D3-BF4B-00C04F79EFBC}") = "Erebus.Mobile.UWP.Tasks", "Mobile\Erebus.Mobile.UWP.Tasks\Erebus.Mobile.UWP.Tasks.csproj", "{10A17B64-62F5-4C93-A3AA-CA6D71E859AE}"
EndProject
Project("{FAE04EC0-301F-11D3-BF4B-00C04F79EFBC}") = "Erebus.Mobile.UWP.Common", "Mobile\Erebus.Mobile.UWP.Common\Erebus.Mobile.UWP.Common.csproj", "{F264701B-F523-4C62-94DD-A0E6CB27127F}"
EndProject
Project("{FAE04EC0-301F-11D3-BF4B-00C04F79EFBC}") = "Erebus.Core", "Common\Erebus.Core\Erebus.Core.csproj", "{33D7A3C4-7BDB-4F7E-BDA1-933EE7DCCD0D}"
EndProject
Project("{FAE04EC0-301F-11D3-BF4B-00C04F79EFBC}") = "Erebus.Model", "Common\Erebus.Model\Erebus.Model.csproj", "{ECF409BD-5E0D-4C9A-858A-D561EBD9B624}"
EndProject
Project("{FAE04EC0-301F-11D3-BF4B-00C04F79EFBC}") = "Erebus.Localization", "Common\Erebus.Localization\Erebus.Localization.csproj", "{39E97B41-DFCA-4D57-888B-DD47A1429924}"
EndProject
Project("{FAE04EC0-301F-11D3-BF4B-00C04F79EFBC}") = "Erebus.Core.Server", "Server\Erebus.Core.Server\Erebus.Core.Server.csproj", "{51C07D3F-C139-4A5D-B89A-570F31F56CD7}"
EndProject
Project("{FAE04EC0-301F-11D3-BF4B-00C04F79EFBC}") = "Erebus.Server", "Server\Erebus.Server\Erebus.Server.csproj", "{E64F1998-2297-4994-84E5-90D58C3211A9}"
EndProject
Project("{FAE04EC0-301F-11D3-BF4B-00C04F79EFBC}") = "Erebus.Core.Mobile", "Mobile\Erebus.Core.Mobile\Erebus.Core.Mobile.csproj", "{C1725523-96B5-4588-A08B-10ABDD71B2F5}"
EndProject
Project("{FAE04EC0-301F-11D3-BF4B-00C04F79EFBC}") = "Erebus.Mobile", "Mobile\Erebus.Mobile\Erebus.Mobile.csproj", "{D246C12D-3F6B-4468-ACBB-4863146CC17C}"
EndProject
Project("{FAE04EC0-301F-11D3-BF4B-00C04F79EFBC}") = "Erebus.Core.Tests", "Tests\Erebus.Core.Tests\Erebus.Core.Tests.csproj", "{129A3523-FC9D-4059-9ED0-45865440D1FC}"
EndProject
Global
	GlobalSection(SolutionConfigurationPlatforms) = preSolution
		Ad-Hoc|Any CPU = Ad-Hoc|Any CPU
		Ad-Hoc|ARM = Ad-Hoc|ARM
		Ad-Hoc|iPhone = Ad-Hoc|iPhone
		Ad-Hoc|iPhoneSimulator = Ad-Hoc|iPhoneSimulator
		Ad-Hoc|x64 = Ad-Hoc|x64
		Ad-Hoc|x86 = Ad-Hoc|x86
		AppStore|Any CPU = AppStore|Any CPU
		AppStore|ARM = AppStore|ARM
		AppStore|iPhone = AppStore|iPhone
		AppStore|iPhoneSimulator = AppStore|iPhoneSimulator
		AppStore|x64 = AppStore|x64
		AppStore|x86 = AppStore|x86
		Debug|Any CPU = Debug|Any CPU
		Debug|ARM = Debug|ARM
		Debug|iPhone = Debug|iPhone
		Debug|iPhoneSimulator = Debug|iPhoneSimulator
		Debug|x64 = Debug|x64
		Debug|x86 = Debug|x86
		Release|Any CPU = Release|Any CPU
		Release|ARM = Release|ARM
		Release|iPhone = Release|iPhone
		Release|iPhoneSimulator = Release|iPhoneSimulator
		Release|x64 = Release|x64
		Release|x86 = Release|x86
	EndGlobalSection
	GlobalSection(ProjectConfigurationPlatforms) = postSolution
		{9E91894D-FA02-4F02-A47C-8A68BA24D199}.Ad-Hoc|Any CPU.ActiveCfg = Release|Any CPU
		{9E91894D-FA02-4F02-A47C-8A68BA24D199}.Ad-Hoc|Any CPU.Build.0 = Release|Any CPU
		{9E91894D-FA02-4F02-A47C-8A68BA24D199}.Ad-Hoc|Any CPU.Deploy.0 = Release|Any CPU
		{9E91894D-FA02-4F02-A47C-8A68BA24D199}.Ad-Hoc|ARM.ActiveCfg = Release|Any CPU
		{9E91894D-FA02-4F02-A47C-8A68BA24D199}.Ad-Hoc|ARM.Build.0 = Release|Any CPU
		{9E91894D-FA02-4F02-A47C-8A68BA24D199}.Ad-Hoc|ARM.Deploy.0 = Release|Any CPU
		{9E91894D-FA02-4F02-A47C-8A68BA24D199}.Ad-Hoc|iPhone.ActiveCfg = Release|Any CPU
		{9E91894D-FA02-4F02-A47C-8A68BA24D199}.Ad-Hoc|iPhone.Build.0 = Release|Any CPU
		{9E91894D-FA02-4F02-A47C-8A68BA24D199}.Ad-Hoc|iPhone.Deploy.0 = Release|Any CPU
		{9E91894D-FA02-4F02-A47C-8A68BA24D199}.Ad-Hoc|iPhoneSimulator.ActiveCfg = Release|Any CPU
		{9E91894D-FA02-4F02-A47C-8A68BA24D199}.Ad-Hoc|iPhoneSimulator.Build.0 = Release|Any CPU
		{9E91894D-FA02-4F02-A47C-8A68BA24D199}.Ad-Hoc|iPhoneSimulator.Deploy.0 = Release|Any CPU
		{9E91894D-FA02-4F02-A47C-8A68BA24D199}.Ad-Hoc|x64.ActiveCfg = Release|Any CPU
		{9E91894D-FA02-4F02-A47C-8A68BA24D199}.Ad-Hoc|x64.Build.0 = Release|Any CPU
		{9E91894D-FA02-4F02-A47C-8A68BA24D199}.Ad-Hoc|x64.Deploy.0 = Release|Any CPU
		{9E91894D-FA02-4F02-A47C-8A68BA24D199}.Ad-Hoc|x86.ActiveCfg = Release|Any CPU
		{9E91894D-FA02-4F02-A47C-8A68BA24D199}.Ad-Hoc|x86.Build.0 = Release|Any CPU
		{9E91894D-FA02-4F02-A47C-8A68BA24D199}.Ad-Hoc|x86.Deploy.0 = Release|Any CPU
		{9E91894D-FA02-4F02-A47C-8A68BA24D199}.AppStore|Any CPU.ActiveCfg = Release|Any CPU
		{9E91894D-FA02-4F02-A47C-8A68BA24D199}.AppStore|Any CPU.Build.0 = Release|Any CPU
		{9E91894D-FA02-4F02-A47C-8A68BA24D199}.AppStore|Any CPU.Deploy.0 = Release|Any CPU
		{9E91894D-FA02-4F02-A47C-8A68BA24D199}.AppStore|ARM.ActiveCfg = Release|Any CPU
		{9E91894D-FA02-4F02-A47C-8A68BA24D199}.AppStore|ARM.Build.0 = Release|Any CPU
		{9E91894D-FA02-4F02-A47C-8A68BA24D199}.AppStore|ARM.Deploy.0 = Release|Any CPU
		{9E91894D-FA02-4F02-A47C-8A68BA24D199}.AppStore|iPhone.ActiveCfg = Release|Any CPU
		{9E91894D-FA02-4F02-A47C-8A68BA24D199}.AppStore|iPhone.Build.0 = Release|Any CPU
		{9E91894D-FA02-4F02-A47C-8A68BA24D199}.AppStore|iPhone.Deploy.0 = Release|Any CPU
		{9E91894D-FA02-4F02-A47C-8A68BA24D199}.AppStore|iPhoneSimulator.ActiveCfg = Release|Any CPU
		{9E91894D-FA02-4F02-A47C-8A68BA24D199}.AppStore|iPhoneSimulator.Build.0 = Release|Any CPU
		{9E91894D-FA02-4F02-A47C-8A68BA24D199}.AppStore|iPhoneSimulator.Deploy.0 = Release|Any CPU
		{9E91894D-FA02-4F02-A47C-8A68BA24D199}.AppStore|x64.ActiveCfg = Release|Any CPU
		{9E91894D-FA02-4F02-A47C-8A68BA24D199}.AppStore|x64.Build.0 = Release|Any CPU
		{9E91894D-FA02-4F02-A47C-8A68BA24D199}.AppStore|x64.Deploy.0 = Release|Any CPU
		{9E91894D-FA02-4F02-A47C-8A68BA24D199}.AppStore|x86.ActiveCfg = Release|Any CPU
		{9E91894D-FA02-4F02-A47C-8A68BA24D199}.AppStore|x86.Build.0 = Release|Any CPU
		{9E91894D-FA02-4F02-A47C-8A68BA24D199}.AppStore|x86.Deploy.0 = Release|Any CPU
		{9E91894D-FA02-4F02-A47C-8A68BA24D199}.Debug|Any CPU.ActiveCfg = Debug|Any CPU
		{9E91894D-FA02-4F02-A47C-8A68BA24D199}.Debug|Any CPU.Deploy.0 = Debug|Any CPU
		{9E91894D-FA02-4F02-A47C-8A68BA24D199}.Debug|ARM.ActiveCfg = Debug|Any CPU
		{9E91894D-FA02-4F02-A47C-8A68BA24D199}.Debug|iPhone.ActiveCfg = Debug|Any CPU
		{9E91894D-FA02-4F02-A47C-8A68BA24D199}.Debug|iPhone.Build.0 = Debug|Any CPU
		{9E91894D-FA02-4F02-A47C-8A68BA24D199}.Debug|iPhone.Deploy.0 = Debug|Any CPU
		{9E91894D-FA02-4F02-A47C-8A68BA24D199}.Debug|iPhoneSimulator.ActiveCfg = Debug|Any CPU
		{9E91894D-FA02-4F02-A47C-8A68BA24D199}.Debug|iPhoneSimulator.Build.0 = Debug|Any CPU
		{9E91894D-FA02-4F02-A47C-8A68BA24D199}.Debug|iPhoneSimulator.Deploy.0 = Debug|Any CPU
		{9E91894D-FA02-4F02-A47C-8A68BA24D199}.Debug|x64.ActiveCfg = Debug|Any CPU
		{9E91894D-FA02-4F02-A47C-8A68BA24D199}.Debug|x64.Build.0 = Debug|Any CPU
		{9E91894D-FA02-4F02-A47C-8A68BA24D199}.Debug|x64.Deploy.0 = Debug|Any CPU
		{9E91894D-FA02-4F02-A47C-8A68BA24D199}.Debug|x86.ActiveCfg = Debug|Any CPU
		{9E91894D-FA02-4F02-A47C-8A68BA24D199}.Debug|x86.Build.0 = Debug|Any CPU
		{9E91894D-FA02-4F02-A47C-8A68BA24D199}.Debug|x86.Deploy.0 = Debug|Any CPU
		{9E91894D-FA02-4F02-A47C-8A68BA24D199}.Release|Any CPU.ActiveCfg = Release|Any CPU
		{9E91894D-FA02-4F02-A47C-8A68BA24D199}.Release|ARM.ActiveCfg = Release|Any CPU
		{9E91894D-FA02-4F02-A47C-8A68BA24D199}.Release|ARM.Build.0 = Release|Any CPU
		{9E91894D-FA02-4F02-A47C-8A68BA24D199}.Release|ARM.Deploy.0 = Release|Any CPU
		{9E91894D-FA02-4F02-A47C-8A68BA24D199}.Release|iPhone.ActiveCfg = Release|Any CPU
		{9E91894D-FA02-4F02-A47C-8A68BA24D199}.Release|iPhone.Build.0 = Release|Any CPU
		{9E91894D-FA02-4F02-A47C-8A68BA24D199}.Release|iPhone.Deploy.0 = Release|Any CPU
		{9E91894D-FA02-4F02-A47C-8A68BA24D199}.Release|iPhoneSimulator.ActiveCfg = Release|Any CPU
		{9E91894D-FA02-4F02-A47C-8A68BA24D199}.Release|iPhoneSimulator.Build.0 = Release|Any CPU
		{9E91894D-FA02-4F02-A47C-8A68BA24D199}.Release|iPhoneSimulator.Deploy.0 = Release|Any CPU
		{9E91894D-FA02-4F02-A47C-8A68BA24D199}.Release|x64.ActiveCfg = Release|Any CPU
		{9E91894D-FA02-4F02-A47C-8A68BA24D199}.Release|x64.Build.0 = Release|Any CPU
		{9E91894D-FA02-4F02-A47C-8A68BA24D199}.Release|x64.Deploy.0 = Release|Any CPU
		{9E91894D-FA02-4F02-A47C-8A68BA24D199}.Release|x86.ActiveCfg = Release|Any CPU
		{9E91894D-FA02-4F02-A47C-8A68BA24D199}.Release|x86.Build.0 = Release|Any CPU
		{9E91894D-FA02-4F02-A47C-8A68BA24D199}.Release|x86.Deploy.0 = Release|Any CPU
		{6B5825AD-4FDA-41DB-9EAB-4B8312CFE600}.Ad-Hoc|Any CPU.ActiveCfg = Ad-Hoc|iPhone
		{6B5825AD-4FDA-41DB-9EAB-4B8312CFE600}.Ad-Hoc|ARM.ActiveCfg = Ad-Hoc|iPhone
		{6B5825AD-4FDA-41DB-9EAB-4B8312CFE600}.Ad-Hoc|iPhone.ActiveCfg = Ad-Hoc|iPhone
		{6B5825AD-4FDA-41DB-9EAB-4B8312CFE600}.Ad-Hoc|iPhone.Build.0 = Ad-Hoc|iPhone
		{6B5825AD-4FDA-41DB-9EAB-4B8312CFE600}.Ad-Hoc|iPhoneSimulator.ActiveCfg = Ad-Hoc|iPhoneSimulator
		{6B5825AD-4FDA-41DB-9EAB-4B8312CFE600}.Ad-Hoc|iPhoneSimulator.Build.0 = Ad-Hoc|iPhoneSimulator
		{6B5825AD-4FDA-41DB-9EAB-4B8312CFE600}.Ad-Hoc|x64.ActiveCfg = Ad-Hoc|iPhone
		{6B5825AD-4FDA-41DB-9EAB-4B8312CFE600}.Ad-Hoc|x86.ActiveCfg = Ad-Hoc|iPhone
		{6B5825AD-4FDA-41DB-9EAB-4B8312CFE600}.AppStore|Any CPU.ActiveCfg = AppStore|iPhone
		{6B5825AD-4FDA-41DB-9EAB-4B8312CFE600}.AppStore|ARM.ActiveCfg = AppStore|iPhone
		{6B5825AD-4FDA-41DB-9EAB-4B8312CFE600}.AppStore|iPhone.ActiveCfg = AppStore|iPhone
		{6B5825AD-4FDA-41DB-9EAB-4B8312CFE600}.AppStore|iPhone.Build.0 = AppStore|iPhone
		{6B5825AD-4FDA-41DB-9EAB-4B8312CFE600}.AppStore|iPhoneSimulator.ActiveCfg = AppStore|iPhoneSimulator
		{6B5825AD-4FDA-41DB-9EAB-4B8312CFE600}.AppStore|iPhoneSimulator.Build.0 = AppStore|iPhoneSimulator
		{6B5825AD-4FDA-41DB-9EAB-4B8312CFE600}.AppStore|x64.ActiveCfg = AppStore|iPhone
		{6B5825AD-4FDA-41DB-9EAB-4B8312CFE600}.AppStore|x86.ActiveCfg = AppStore|iPhone
		{6B5825AD-4FDA-41DB-9EAB-4B8312CFE600}.Debug|Any CPU.ActiveCfg = Debug|iPhone
		{6B5825AD-4FDA-41DB-9EAB-4B8312CFE600}.Debug|ARM.ActiveCfg = Debug|iPhone
		{6B5825AD-4FDA-41DB-9EAB-4B8312CFE600}.Debug|iPhone.ActiveCfg = Debug|iPhone
		{6B5825AD-4FDA-41DB-9EAB-4B8312CFE600}.Debug|iPhone.Build.0 = Debug|iPhone
		{6B5825AD-4FDA-41DB-9EAB-4B8312CFE600}.Debug|iPhoneSimulator.ActiveCfg = Debug|iPhoneSimulator
		{6B5825AD-4FDA-41DB-9EAB-4B8312CFE600}.Debug|iPhoneSimulator.Build.0 = Debug|iPhoneSimulator
		{6B5825AD-4FDA-41DB-9EAB-4B8312CFE600}.Debug|x64.ActiveCfg = Debug|iPhone
		{6B5825AD-4FDA-41DB-9EAB-4B8312CFE600}.Debug|x86.ActiveCfg = Debug|iPhone
		{6B5825AD-4FDA-41DB-9EAB-4B8312CFE600}.Release|Any CPU.ActiveCfg = Release|iPhone
		{6B5825AD-4FDA-41DB-9EAB-4B8312CFE600}.Release|ARM.ActiveCfg = Release|iPhone
		{6B5825AD-4FDA-41DB-9EAB-4B8312CFE600}.Release|iPhone.ActiveCfg = Release|iPhone
		{6B5825AD-4FDA-41DB-9EAB-4B8312CFE600}.Release|iPhone.Build.0 = Release|iPhone
		{6B5825AD-4FDA-41DB-9EAB-4B8312CFE600}.Release|iPhoneSimulator.ActiveCfg = Release|iPhoneSimulator
		{6B5825AD-4FDA-41DB-9EAB-4B8312CFE600}.Release|iPhoneSimulator.Build.0 = Release|iPhoneSimulator
		{6B5825AD-4FDA-41DB-9EAB-4B8312CFE600}.Release|x64.ActiveCfg = Release|iPhone
		{6B5825AD-4FDA-41DB-9EAB-4B8312CFE600}.Release|x86.ActiveCfg = Release|iPhone
		{84D5853B-2569-4696-AEA5-6D3EAC273704}.Ad-Hoc|Any CPU.ActiveCfg = Release|x86
		{84D5853B-2569-4696-AEA5-6D3EAC273704}.Ad-Hoc|Any CPU.Build.0 = Release|x86
		{84D5853B-2569-4696-AEA5-6D3EAC273704}.Ad-Hoc|Any CPU.Deploy.0 = Release|x86
		{84D5853B-2569-4696-AEA5-6D3EAC273704}.Ad-Hoc|ARM.ActiveCfg = Release|ARM
		{84D5853B-2569-4696-AEA5-6D3EAC273704}.Ad-Hoc|ARM.Build.0 = Release|ARM
		{84D5853B-2569-4696-AEA5-6D3EAC273704}.Ad-Hoc|ARM.Deploy.0 = Release|ARM
		{84D5853B-2569-4696-AEA5-6D3EAC273704}.Ad-Hoc|iPhone.ActiveCfg = Release|x86
		{84D5853B-2569-4696-AEA5-6D3EAC273704}.Ad-Hoc|iPhone.Build.0 = Release|x86
		{84D5853B-2569-4696-AEA5-6D3EAC273704}.Ad-Hoc|iPhone.Deploy.0 = Release|x86
		{84D5853B-2569-4696-AEA5-6D3EAC273704}.Ad-Hoc|iPhoneSimulator.ActiveCfg = Release|x86
		{84D5853B-2569-4696-AEA5-6D3EAC273704}.Ad-Hoc|iPhoneSimulator.Build.0 = Release|x86
		{84D5853B-2569-4696-AEA5-6D3EAC273704}.Ad-Hoc|iPhoneSimulator.Deploy.0 = Release|x86
		{84D5853B-2569-4696-AEA5-6D3EAC273704}.Ad-Hoc|x64.ActiveCfg = Release|x64
		{84D5853B-2569-4696-AEA5-6D3EAC273704}.Ad-Hoc|x64.Build.0 = Release|x64
		{84D5853B-2569-4696-AEA5-6D3EAC273704}.Ad-Hoc|x64.Deploy.0 = Release|x64
		{84D5853B-2569-4696-AEA5-6D3EAC273704}.Ad-Hoc|x86.ActiveCfg = Release|x86
		{84D5853B-2569-4696-AEA5-6D3EAC273704}.Ad-Hoc|x86.Build.0 = Release|x86
		{84D5853B-2569-4696-AEA5-6D3EAC273704}.Ad-Hoc|x86.Deploy.0 = Release|x86
		{84D5853B-2569-4696-AEA5-6D3EAC273704}.AppStore|Any CPU.ActiveCfg = Release|x86
		{84D5853B-2569-4696-AEA5-6D3EAC273704}.AppStore|Any CPU.Build.0 = Release|x86
		{84D5853B-2569-4696-AEA5-6D3EAC273704}.AppStore|Any CPU.Deploy.0 = Release|x86
		{84D5853B-2569-4696-AEA5-6D3EAC273704}.AppStore|ARM.ActiveCfg = Release|ARM
		{84D5853B-2569-4696-AEA5-6D3EAC273704}.AppStore|ARM.Build.0 = Release|ARM
		{84D5853B-2569-4696-AEA5-6D3EAC273704}.AppStore|ARM.Deploy.0 = Release|ARM
		{84D5853B-2569-4696-AEA5-6D3EAC273704}.AppStore|iPhone.ActiveCfg = Release|x86
		{84D5853B-2569-4696-AEA5-6D3EAC273704}.AppStore|iPhone.Build.0 = Release|x86
		{84D5853B-2569-4696-AEA5-6D3EAC273704}.AppStore|iPhone.Deploy.0 = Release|x86
		{84D5853B-2569-4696-AEA5-6D3EAC273704}.AppStore|iPhoneSimulator.ActiveCfg = Release|x86
		{84D5853B-2569-4696-AEA5-6D3EAC273704}.AppStore|iPhoneSimulator.Build.0 = Release|x86
		{84D5853B-2569-4696-AEA5-6D3EAC273704}.AppStore|iPhoneSimulator.Deploy.0 = Release|x86
		{84D5853B-2569-4696-AEA5-6D3EAC273704}.AppStore|x64.ActiveCfg = Release|x64
		{84D5853B-2569-4696-AEA5-6D3EAC273704}.AppStore|x64.Build.0 = Release|x64
		{84D5853B-2569-4696-AEA5-6D3EAC273704}.AppStore|x64.Deploy.0 = Release|x64
		{84D5853B-2569-4696-AEA5-6D3EAC273704}.AppStore|x86.ActiveCfg = Release|x86
		{84D5853B-2569-4696-AEA5-6D3EAC273704}.AppStore|x86.Build.0 = Release|x86
		{84D5853B-2569-4696-AEA5-6D3EAC273704}.AppStore|x86.Deploy.0 = Release|x86
		{84D5853B-2569-4696-AEA5-6D3EAC273704}.Debug|Any CPU.ActiveCfg = Debug|x86
		{84D5853B-2569-4696-AEA5-6D3EAC273704}.Debug|Any CPU.Deploy.0 = Debug|x86
		{84D5853B-2569-4696-AEA5-6D3EAC273704}.Debug|ARM.ActiveCfg = Debug|ARM
		{84D5853B-2569-4696-AEA5-6D3EAC273704}.Debug|ARM.Build.0 = Debug|ARM
		{84D5853B-2569-4696-AEA5-6D3EAC273704}.Debug|ARM.Deploy.0 = Debug|ARM
		{84D5853B-2569-4696-AEA5-6D3EAC273704}.Debug|iPhone.ActiveCfg = Debug|x86
		{84D5853B-2569-4696-AEA5-6D3EAC273704}.Debug|iPhoneSimulator.ActiveCfg = Debug|x86
		{84D5853B-2569-4696-AEA5-6D3EAC273704}.Debug|x64.ActiveCfg = Debug|x64
		{84D5853B-2569-4696-AEA5-6D3EAC273704}.Debug|x64.Build.0 = Debug|x64
		{84D5853B-2569-4696-AEA5-6D3EAC273704}.Debug|x64.Deploy.0 = Debug|x64
		{84D5853B-2569-4696-AEA5-6D3EAC273704}.Debug|x86.ActiveCfg = Debug|x86
		{84D5853B-2569-4696-AEA5-6D3EAC273704}.Debug|x86.Build.0 = Debug|x86
		{84D5853B-2569-4696-AEA5-6D3EAC273704}.Debug|x86.Deploy.0 = Debug|x86
		{84D5853B-2569-4696-AEA5-6D3EAC273704}.Release|Any CPU.ActiveCfg = Release|x86
		{84D5853B-2569-4696-AEA5-6D3EAC273704}.Release|ARM.ActiveCfg = Release|ARM
		{84D5853B-2569-4696-AEA5-6D3EAC273704}.Release|ARM.Build.0 = Release|ARM
		{84D5853B-2569-4696-AEA5-6D3EAC273704}.Release|ARM.Deploy.0 = Release|ARM
		{84D5853B-2569-4696-AEA5-6D3EAC273704}.Release|iPhone.ActiveCfg = Release|x86
		{84D5853B-2569-4696-AEA5-6D3EAC273704}.Release|iPhoneSimulator.ActiveCfg = Release|x86
		{84D5853B-2569-4696-AEA5-6D3EAC273704}.Release|x64.ActiveCfg = Release|x64
		{84D5853B-2569-4696-AEA5-6D3EAC273704}.Release|x64.Build.0 = Release|x64
		{84D5853B-2569-4696-AEA5-6D3EAC273704}.Release|x64.Deploy.0 = Release|x64
		{84D5853B-2569-4696-AEA5-6D3EAC273704}.Release|x86.ActiveCfg = Release|x86
		{84D5853B-2569-4696-AEA5-6D3EAC273704}.Release|x86.Build.0 = Release|x86
		{84D5853B-2569-4696-AEA5-6D3EAC273704}.Release|x86.Deploy.0 = Release|x86
		{10A17B64-62F5-4C93-A3AA-CA6D71E859AE}.Ad-Hoc|Any CPU.ActiveCfg = Release|Any CPU
		{10A17B64-62F5-4C93-A3AA-CA6D71E859AE}.Ad-Hoc|Any CPU.Build.0 = Release|Any CPU
		{10A17B64-62F5-4C93-A3AA-CA6D71E859AE}.Ad-Hoc|ARM.ActiveCfg = Release|ARM
		{10A17B64-62F5-4C93-A3AA-CA6D71E859AE}.Ad-Hoc|ARM.Build.0 = Release|ARM
		{10A17B64-62F5-4C93-A3AA-CA6D71E859AE}.Ad-Hoc|iPhone.ActiveCfg = Release|Any CPU
		{10A17B64-62F5-4C93-A3AA-CA6D71E859AE}.Ad-Hoc|iPhone.Build.0 = Release|Any CPU
		{10A17B64-62F5-4C93-A3AA-CA6D71E859AE}.Ad-Hoc|iPhoneSimulator.ActiveCfg = Release|Any CPU
		{10A17B64-62F5-4C93-A3AA-CA6D71E859AE}.Ad-Hoc|iPhoneSimulator.Build.0 = Release|Any CPU
		{10A17B64-62F5-4C93-A3AA-CA6D71E859AE}.Ad-Hoc|x64.ActiveCfg = Release|x64
		{10A17B64-62F5-4C93-A3AA-CA6D71E859AE}.Ad-Hoc|x64.Build.0 = Release|x64
		{10A17B64-62F5-4C93-A3AA-CA6D71E859AE}.Ad-Hoc|x86.ActiveCfg = Release|x86
		{10A17B64-62F5-4C93-A3AA-CA6D71E859AE}.Ad-Hoc|x86.Build.0 = Release|x86
		{10A17B64-62F5-4C93-A3AA-CA6D71E859AE}.AppStore|Any CPU.ActiveCfg = Release|Any CPU
		{10A17B64-62F5-4C93-A3AA-CA6D71E859AE}.AppStore|Any CPU.Build.0 = Release|Any CPU
		{10A17B64-62F5-4C93-A3AA-CA6D71E859AE}.AppStore|ARM.ActiveCfg = Release|ARM
		{10A17B64-62F5-4C93-A3AA-CA6D71E859AE}.AppStore|ARM.Build.0 = Release|ARM
		{10A17B64-62F5-4C93-A3AA-CA6D71E859AE}.AppStore|iPhone.ActiveCfg = Release|Any CPU
		{10A17B64-62F5-4C93-A3AA-CA6D71E859AE}.AppStore|iPhone.Build.0 = Release|Any CPU
		{10A17B64-62F5-4C93-A3AA-CA6D71E859AE}.AppStore|iPhoneSimulator.ActiveCfg = Release|Any CPU
		{10A17B64-62F5-4C93-A3AA-CA6D71E859AE}.AppStore|iPhoneSimulator.Build.0 = Release|Any CPU
		{10A17B64-62F5-4C93-A3AA-CA6D71E859AE}.AppStore|x64.ActiveCfg = Release|x64
		{10A17B64-62F5-4C93-A3AA-CA6D71E859AE}.AppStore|x64.Build.0 = Release|x64
		{10A17B64-62F5-4C93-A3AA-CA6D71E859AE}.AppStore|x86.ActiveCfg = Release|x86
		{10A17B64-62F5-4C93-A3AA-CA6D71E859AE}.AppStore|x86.Build.0 = Release|x86
		{10A17B64-62F5-4C93-A3AA-CA6D71E859AE}.Debug|Any CPU.ActiveCfg = Debug|Any CPU
		{10A17B64-62F5-4C93-A3AA-CA6D71E859AE}.Debug|Any CPU.Build.0 = Debug|Any CPU
		{10A17B64-62F5-4C93-A3AA-CA6D71E859AE}.Debug|ARM.ActiveCfg = Debug|ARM
		{10A17B64-62F5-4C93-A3AA-CA6D71E859AE}.Debug|ARM.Build.0 = Debug|ARM
		{10A17B64-62F5-4C93-A3AA-CA6D71E859AE}.Debug|iPhone.ActiveCfg = Debug|Any CPU
		{10A17B64-62F5-4C93-A3AA-CA6D71E859AE}.Debug|iPhone.Build.0 = Debug|Any CPU
		{10A17B64-62F5-4C93-A3AA-CA6D71E859AE}.Debug|iPhoneSimulator.ActiveCfg = Debug|Any CPU
		{10A17B64-62F5-4C93-A3AA-CA6D71E859AE}.Debug|iPhoneSimulator.Build.0 = Debug|Any CPU
		{10A17B64-62F5-4C93-A3AA-CA6D71E859AE}.Debug|x64.ActiveCfg = Debug|x64
		{10A17B64-62F5-4C93-A3AA-CA6D71E859AE}.Debug|x64.Build.0 = Debug|x64
		{10A17B64-62F5-4C93-A3AA-CA6D71E859AE}.Debug|x86.ActiveCfg = Debug|x86
		{10A17B64-62F5-4C93-A3AA-CA6D71E859AE}.Debug|x86.Build.0 = Debug|x86
		{10A17B64-62F5-4C93-A3AA-CA6D71E859AE}.Release|Any CPU.ActiveCfg = Release|Any CPU
		{10A17B64-62F5-4C93-A3AA-CA6D71E859AE}.Release|Any CPU.Build.0 = Release|Any CPU
		{10A17B64-62F5-4C93-A3AA-CA6D71E859AE}.Release|ARM.ActiveCfg = Release|ARM
		{10A17B64-62F5-4C93-A3AA-CA6D71E859AE}.Release|ARM.Build.0 = Release|ARM
		{10A17B64-62F5-4C93-A3AA-CA6D71E859AE}.Release|iPhone.ActiveCfg = Release|Any CPU
		{10A17B64-62F5-4C93-A3AA-CA6D71E859AE}.Release|iPhone.Build.0 = Release|Any CPU
		{10A17B64-62F5-4C93-A3AA-CA6D71E859AE}.Release|iPhoneSimulator.ActiveCfg = Release|Any CPU
		{10A17B64-62F5-4C93-A3AA-CA6D71E859AE}.Release|iPhoneSimulator.Build.0 = Release|Any CPU
		{10A17B64-62F5-4C93-A3AA-CA6D71E859AE}.Release|x64.ActiveCfg = Release|x64
		{10A17B64-62F5-4C93-A3AA-CA6D71E859AE}.Release|x64.Build.0 = Release|x64
		{10A17B64-62F5-4C93-A3AA-CA6D71E859AE}.Release|x86.ActiveCfg = Release|x86
		{10A17B64-62F5-4C93-A3AA-CA6D71E859AE}.Release|x86.Build.0 = Release|x86
		{F264701B-F523-4C62-94DD-A0E6CB27127F}.Ad-Hoc|Any CPU.ActiveCfg = Release|Any CPU
		{F264701B-F523-4C62-94DD-A0E6CB27127F}.Ad-Hoc|Any CPU.Build.0 = Release|Any CPU
		{F264701B-F523-4C62-94DD-A0E6CB27127F}.Ad-Hoc|ARM.ActiveCfg = Release|ARM
		{F264701B-F523-4C62-94DD-A0E6CB27127F}.Ad-Hoc|ARM.Build.0 = Release|ARM
		{F264701B-F523-4C62-94DD-A0E6CB27127F}.Ad-Hoc|iPhone.ActiveCfg = Release|Any CPU
		{F264701B-F523-4C62-94DD-A0E6CB27127F}.Ad-Hoc|iPhone.Build.0 = Release|Any CPU
		{F264701B-F523-4C62-94DD-A0E6CB27127F}.Ad-Hoc|iPhoneSimulator.ActiveCfg = Release|Any CPU
		{F264701B-F523-4C62-94DD-A0E6CB27127F}.Ad-Hoc|iPhoneSimulator.Build.0 = Release|Any CPU
		{F264701B-F523-4C62-94DD-A0E6CB27127F}.Ad-Hoc|x64.ActiveCfg = Release|x64
		{F264701B-F523-4C62-94DD-A0E6CB27127F}.Ad-Hoc|x64.Build.0 = Release|x64
		{F264701B-F523-4C62-94DD-A0E6CB27127F}.Ad-Hoc|x86.ActiveCfg = Release|x86
		{F264701B-F523-4C62-94DD-A0E6CB27127F}.Ad-Hoc|x86.Build.0 = Release|x86
		{F264701B-F523-4C62-94DD-A0E6CB27127F}.AppStore|Any CPU.ActiveCfg = Release|Any CPU
		{F264701B-F523-4C62-94DD-A0E6CB27127F}.AppStore|Any CPU.Build.0 = Release|Any CPU
		{F264701B-F523-4C62-94DD-A0E6CB27127F}.AppStore|ARM.ActiveCfg = Release|ARM
		{F264701B-F523-4C62-94DD-A0E6CB27127F}.AppStore|ARM.Build.0 = Release|ARM
		{F264701B-F523-4C62-94DD-A0E6CB27127F}.AppStore|iPhone.ActiveCfg = Release|Any CPU
		{F264701B-F523-4C62-94DD-A0E6CB27127F}.AppStore|iPhone.Build.0 = Release|Any CPU
		{F264701B-F523-4C62-94DD-A0E6CB27127F}.AppStore|iPhoneSimulator.ActiveCfg = Release|Any CPU
		{F264701B-F523-4C62-94DD-A0E6CB27127F}.AppStore|iPhoneSimulator.Build.0 = Release|Any CPU
		{F264701B-F523-4C62-94DD-A0E6CB27127F}.AppStore|x64.ActiveCfg = Release|x64
		{F264701B-F523-4C62-94DD-A0E6CB27127F}.AppStore|x64.Build.0 = Release|x64
		{F264701B-F523-4C62-94DD-A0E6CB27127F}.AppStore|x86.ActiveCfg = Release|x86
		{F264701B-F523-4C62-94DD-A0E6CB27127F}.AppStore|x86.Build.0 = Release|x86
		{F264701B-F523-4C62-94DD-A0E6CB27127F}.Debug|Any CPU.ActiveCfg = Debug|Any CPU
		{F264701B-F523-4C62-94DD-A0E6CB27127F}.Debug|Any CPU.Build.0 = Debug|Any CPU
		{F264701B-F523-4C62-94DD-A0E6CB27127F}.Debug|ARM.ActiveCfg = Debug|ARM
		{F264701B-F523-4C62-94DD-A0E6CB27127F}.Debug|ARM.Build.0 = Debug|ARM
		{F264701B-F523-4C62-94DD-A0E6CB27127F}.Debug|iPhone.ActiveCfg = Debug|Any CPU
		{F264701B-F523-4C62-94DD-A0E6CB27127F}.Debug|iPhone.Build.0 = Debug|Any CPU
		{F264701B-F523-4C62-94DD-A0E6CB27127F}.Debug|iPhoneSimulator.ActiveCfg = Debug|Any CPU
		{F264701B-F523-4C62-94DD-A0E6CB27127F}.Debug|iPhoneSimulator.Build.0 = Debug|Any CPU
		{F264701B-F523-4C62-94DD-A0E6CB27127F}.Debug|x64.ActiveCfg = Debug|x64
		{F264701B-F523-4C62-94DD-A0E6CB27127F}.Debug|x64.Build.0 = Debug|x64
		{F264701B-F523-4C62-94DD-A0E6CB27127F}.Debug|x86.ActiveCfg = Debug|x86
		{F264701B-F523-4C62-94DD-A0E6CB27127F}.Debug|x86.Build.0 = Debug|x86
		{F264701B-F523-4C62-94DD-A0E6CB27127F}.Release|Any CPU.ActiveCfg = Release|Any CPU
		{F264701B-F523-4C62-94DD-A0E6CB27127F}.Release|Any CPU.Build.0 = Release|Any CPU
		{F264701B-F523-4C62-94DD-A0E6CB27127F}.Release|ARM.ActiveCfg = Release|ARM
		{F264701B-F523-4C62-94DD-A0E6CB27127F}.Release|ARM.Build.0 = Release|ARM
		{F264701B-F523-4C62-94DD-A0E6CB27127F}.Release|iPhone.ActiveCfg = Release|Any CPU
		{F264701B-F523-4C62-94DD-A0E6CB27127F}.Release|iPhone.Build.0 = Release|Any CPU
		{F264701B-F523-4C62-94DD-A0E6CB27127F}.Release|iPhoneSimulator.ActiveCfg = Release|Any CPU
		{F264701B-F523-4C62-94DD-A0E6CB27127F}.Release|iPhoneSimulator.Build.0 = Release|Any CPU
		{F264701B-F523-4C62-94DD-A0E6CB27127F}.Release|x64.ActiveCfg = Release|x64
		{F264701B-F523-4C62-94DD-A0E6CB27127F}.Release|x64.Build.0 = Release|x64
		{F264701B-F523-4C62-94DD-A0E6CB27127F}.Release|x86.ActiveCfg = Release|x86
		{F264701B-F523-4C62-94DD-A0E6CB27127F}.Release|x86.Build.0 = Release|x86
		{33D7A3C4-7BDB-4F7E-BDA1-933EE7DCCD0D}.Ad-Hoc|Any CPU.ActiveCfg = Debug|Any CPU
		{33D7A3C4-7BDB-4F7E-BDA1-933EE7DCCD0D}.Ad-Hoc|Any CPU.Build.0 = Debug|Any CPU
		{33D7A3C4-7BDB-4F7E-BDA1-933EE7DCCD0D}.Ad-Hoc|ARM.ActiveCfg = Debug|Any CPU
		{33D7A3C4-7BDB-4F7E-BDA1-933EE7DCCD0D}.Ad-Hoc|ARM.Build.0 = Debug|Any CPU
		{33D7A3C4-7BDB-4F7E-BDA1-933EE7DCCD0D}.Ad-Hoc|iPhone.ActiveCfg = Debug|Any CPU
		{33D7A3C4-7BDB-4F7E-BDA1-933EE7DCCD0D}.Ad-Hoc|iPhone.Build.0 = Debug|Any CPU
		{33D7A3C4-7BDB-4F7E-BDA1-933EE7DCCD0D}.Ad-Hoc|iPhoneSimulator.ActiveCfg = Debug|Any CPU
		{33D7A3C4-7BDB-4F7E-BDA1-933EE7DCCD0D}.Ad-Hoc|iPhoneSimulator.Build.0 = Debug|Any CPU
		{33D7A3C4-7BDB-4F7E-BDA1-933EE7DCCD0D}.Ad-Hoc|x64.ActiveCfg = Debug|Any CPU
		{33D7A3C4-7BDB-4F7E-BDA1-933EE7DCCD0D}.Ad-Hoc|x64.Build.0 = Debug|Any CPU
		{33D7A3C4-7BDB-4F7E-BDA1-933EE7DCCD0D}.Ad-Hoc|x86.ActiveCfg = Debug|Any CPU
		{33D7A3C4-7BDB-4F7E-BDA1-933EE7DCCD0D}.Ad-Hoc|x86.Build.0 = Debug|Any CPU
		{33D7A3C4-7BDB-4F7E-BDA1-933EE7DCCD0D}.AppStore|Any CPU.ActiveCfg = Debug|Any CPU
		{33D7A3C4-7BDB-4F7E-BDA1-933EE7DCCD0D}.AppStore|Any CPU.Build.0 = Debug|Any CPU
		{33D7A3C4-7BDB-4F7E-BDA1-933EE7DCCD0D}.AppStore|ARM.ActiveCfg = Debug|Any CPU
		{33D7A3C4-7BDB-4F7E-BDA1-933EE7DCCD0D}.AppStore|ARM.Build.0 = Debug|Any CPU
		{33D7A3C4-7BDB-4F7E-BDA1-933EE7DCCD0D}.AppStore|iPhone.ActiveCfg = Debug|Any CPU
		{33D7A3C4-7BDB-4F7E-BDA1-933EE7DCCD0D}.AppStore|iPhone.Build.0 = Debug|Any CPU
		{33D7A3C4-7BDB-4F7E-BDA1-933EE7DCCD0D}.AppStore|iPhoneSimulator.ActiveCfg = Debug|Any CPU
		{33D7A3C4-7BDB-4F7E-BDA1-933EE7DCCD0D}.AppStore|iPhoneSimulator.Build.0 = Debug|Any CPU
		{33D7A3C4-7BDB-4F7E-BDA1-933EE7DCCD0D}.AppStore|x64.ActiveCfg = Debug|Any CPU
		{33D7A3C4-7BDB-4F7E-BDA1-933EE7DCCD0D}.AppStore|x64.Build.0 = Debug|Any CPU
		{33D7A3C4-7BDB-4F7E-BDA1-933EE7DCCD0D}.AppStore|x86.ActiveCfg = Debug|Any CPU
		{33D7A3C4-7BDB-4F7E-BDA1-933EE7DCCD0D}.AppStore|x86.Build.0 = Debug|Any CPU
		{33D7A3C4-7BDB-4F7E-BDA1-933EE7DCCD0D}.Debug|Any CPU.ActiveCfg = Debug|Any CPU
		{33D7A3C4-7BDB-4F7E-BDA1-933EE7DCCD0D}.Debug|Any CPU.Build.0 = Debug|Any CPU
		{33D7A3C4-7BDB-4F7E-BDA1-933EE7DCCD0D}.Debug|ARM.ActiveCfg = Debug|Any CPU
		{33D7A3C4-7BDB-4F7E-BDA1-933EE7DCCD0D}.Debug|ARM.Build.0 = Debug|Any CPU
		{33D7A3C4-7BDB-4F7E-BDA1-933EE7DCCD0D}.Debug|iPhone.ActiveCfg = Debug|Any CPU
		{33D7A3C4-7BDB-4F7E-BDA1-933EE7DCCD0D}.Debug|iPhone.Build.0 = Debug|Any CPU
		{33D7A3C4-7BDB-4F7E-BDA1-933EE7DCCD0D}.Debug|iPhoneSimulator.ActiveCfg = Debug|Any CPU
		{33D7A3C4-7BDB-4F7E-BDA1-933EE7DCCD0D}.Debug|iPhoneSimulator.Build.0 = Debug|Any CPU
		{33D7A3C4-7BDB-4F7E-BDA1-933EE7DCCD0D}.Debug|x64.ActiveCfg = Debug|Any CPU
		{33D7A3C4-7BDB-4F7E-BDA1-933EE7DCCD0D}.Debug|x64.Build.0 = Debug|Any CPU
		{33D7A3C4-7BDB-4F7E-BDA1-933EE7DCCD0D}.Debug|x86.ActiveCfg = Debug|Any CPU
		{33D7A3C4-7BDB-4F7E-BDA1-933EE7DCCD0D}.Debug|x86.Build.0 = Debug|Any CPU
		{33D7A3C4-7BDB-4F7E-BDA1-933EE7DCCD0D}.Release|Any CPU.ActiveCfg = Release|Any CPU
		{33D7A3C4-7BDB-4F7E-BDA1-933EE7DCCD0D}.Release|Any CPU.Build.0 = Release|Any CPU
		{33D7A3C4-7BDB-4F7E-BDA1-933EE7DCCD0D}.Release|ARM.ActiveCfg = Release|Any CPU
		{33D7A3C4-7BDB-4F7E-BDA1-933EE7DCCD0D}.Release|ARM.Build.0 = Release|Any CPU
		{33D7A3C4-7BDB-4F7E-BDA1-933EE7DCCD0D}.Release|iPhone.ActiveCfg = Release|Any CPU
		{33D7A3C4-7BDB-4F7E-BDA1-933EE7DCCD0D}.Release|iPhone.Build.0 = Release|Any CPU
		{33D7A3C4-7BDB-4F7E-BDA1-933EE7DCCD0D}.Release|iPhoneSimulator.ActiveCfg = Release|Any CPU
		{33D7A3C4-7BDB-4F7E-BDA1-933EE7DCCD0D}.Release|iPhoneSimulator.Build.0 = Release|Any CPU
		{33D7A3C4-7BDB-4F7E-BDA1-933EE7DCCD0D}.Release|x64.ActiveCfg = Release|Any CPU
		{33D7A3C4-7BDB-4F7E-BDA1-933EE7DCCD0D}.Release|x64.Build.0 = Release|Any CPU
		{33D7A3C4-7BDB-4F7E-BDA1-933EE7DCCD0D}.Release|x86.ActiveCfg = Release|Any CPU
		{33D7A3C4-7BDB-4F7E-BDA1-933EE7DCCD0D}.Release|x86.Build.0 = Release|Any CPU
		{ECF409BD-5E0D-4C9A-858A-D561EBD9B624}.Ad-Hoc|Any CPU.ActiveCfg = Debug|Any CPU
		{ECF409BD-5E0D-4C9A-858A-D561EBD9B624}.Ad-Hoc|Any CPU.Build.0 = Debug|Any CPU
		{ECF409BD-5E0D-4C9A-858A-D561EBD9B624}.Ad-Hoc|ARM.ActiveCfg = Debug|Any CPU
		{ECF409BD-5E0D-4C9A-858A-D561EBD9B624}.Ad-Hoc|ARM.Build.0 = Debug|Any CPU
		{ECF409BD-5E0D-4C9A-858A-D561EBD9B624}.Ad-Hoc|iPhone.ActiveCfg = Debug|Any CPU
		{ECF409BD-5E0D-4C9A-858A-D561EBD9B624}.Ad-Hoc|iPhone.Build.0 = Debug|Any CPU
		{ECF409BD-5E0D-4C9A-858A-D561EBD9B624}.Ad-Hoc|iPhoneSimulator.ActiveCfg = Debug|Any CPU
		{ECF409BD-5E0D-4C9A-858A-D561EBD9B624}.Ad-Hoc|iPhoneSimulator.Build.0 = Debug|Any CPU
		{ECF409BD-5E0D-4C9A-858A-D561EBD9B624}.Ad-Hoc|x64.ActiveCfg = Debug|Any CPU
		{ECF409BD-5E0D-4C9A-858A-D561EBD9B624}.Ad-Hoc|x64.Build.0 = Debug|Any CPU
		{ECF409BD-5E0D-4C9A-858A-D561EBD9B624}.Ad-Hoc|x86.ActiveCfg = Debug|Any CPU
		{ECF409BD-5E0D-4C9A-858A-D561EBD9B624}.Ad-Hoc|x86.Build.0 = Debug|Any CPU
		{ECF409BD-5E0D-4C9A-858A-D561EBD9B624}.AppStore|Any CPU.ActiveCfg = Debug|Any CPU
		{ECF409BD-5E0D-4C9A-858A-D561EBD9B624}.AppStore|Any CPU.Build.0 = Debug|Any CPU
		{ECF409BD-5E0D-4C9A-858A-D561EBD9B624}.AppStore|ARM.ActiveCfg = Debug|Any CPU
		{ECF409BD-5E0D-4C9A-858A-D561EBD9B624}.AppStore|ARM.Build.0 = Debug|Any CPU
		{ECF409BD-5E0D-4C9A-858A-D561EBD9B624}.AppStore|iPhone.ActiveCfg = Debug|Any CPU
		{ECF409BD-5E0D-4C9A-858A-D561EBD9B624}.AppStore|iPhone.Build.0 = Debug|Any CPU
		{ECF409BD-5E0D-4C9A-858A-D561EBD9B624}.AppStore|iPhoneSimulator.ActiveCfg = Debug|Any CPU
		{ECF409BD-5E0D-4C9A-858A-D561EBD9B624}.AppStore|iPhoneSimulator.Build.0 = Debug|Any CPU
		{ECF409BD-5E0D-4C9A-858A-D561EBD9B624}.AppStore|x64.ActiveCfg = Debug|Any CPU
		{ECF409BD-5E0D-4C9A-858A-D561EBD9B624}.AppStore|x64.Build.0 = Debug|Any CPU
		{ECF409BD-5E0D-4C9A-858A-D561EBD9B624}.AppStore|x86.ActiveCfg = Debug|Any CPU
		{ECF409BD-5E0D-4C9A-858A-D561EBD9B624}.AppStore|x86.Build.0 = Debug|Any CPU
		{ECF409BD-5E0D-4C9A-858A-D561EBD9B624}.Debug|Any CPU.ActiveCfg = Debug|Any CPU
		{ECF409BD-5E0D-4C9A-858A-D561EBD9B624}.Debug|Any CPU.Build.0 = Debug|Any CPU
		{ECF409BD-5E0D-4C9A-858A-D561EBD9B624}.Debug|ARM.ActiveCfg = Debug|Any CPU
		{ECF409BD-5E0D-4C9A-858A-D561EBD9B624}.Debug|ARM.Build.0 = Debug|Any CPU
		{ECF409BD-5E0D-4C9A-858A-D561EBD9B624}.Debug|iPhone.ActiveCfg = Debug|Any CPU
		{ECF409BD-5E0D-4C9A-858A-D561EBD9B624}.Debug|iPhone.Build.0 = Debug|Any CPU
		{ECF409BD-5E0D-4C9A-858A-D561EBD9B624}.Debug|iPhoneSimulator.ActiveCfg = Debug|Any CPU
		{ECF409BD-5E0D-4C9A-858A-D561EBD9B624}.Debug|iPhoneSimulator.Build.0 = Debug|Any CPU
		{ECF409BD-5E0D-4C9A-858A-D561EBD9B624}.Debug|x64.ActiveCfg = Debug|Any CPU
		{ECF409BD-5E0D-4C9A-858A-D561EBD9B624}.Debug|x64.Build.0 = Debug|Any CPU
		{ECF409BD-5E0D-4C9A-858A-D561EBD9B624}.Debug|x86.ActiveCfg = Debug|Any CPU
		{ECF409BD-5E0D-4C9A-858A-D561EBD9B624}.Debug|x86.Build.0 = Debug|Any CPU
		{ECF409BD-5E0D-4C9A-858A-D561EBD9B624}.Release|Any CPU.ActiveCfg = Release|Any CPU
		{ECF409BD-5E0D-4C9A-858A-D561EBD9B624}.Release|Any CPU.Build.0 = Release|Any CPU
		{ECF409BD-5E0D-4C9A-858A-D561EBD9B624}.Release|ARM.ActiveCfg = Release|Any CPU
		{ECF409BD-5E0D-4C9A-858A-D561EBD9B624}.Release|ARM.Build.0 = Release|Any CPU
		{ECF409BD-5E0D-4C9A-858A-D561EBD9B624}.Release|iPhone.ActiveCfg = Release|Any CPU
		{ECF409BD-5E0D-4C9A-858A-D561EBD9B624}.Release|iPhone.Build.0 = Release|Any CPU
		{ECF409BD-5E0D-4C9A-858A-D561EBD9B624}.Release|iPhoneSimulator.ActiveCfg = Release|Any CPU
		{ECF409BD-5E0D-4C9A-858A-D561EBD9B624}.Release|iPhoneSimulator.Build.0 = Release|Any CPU
		{ECF409BD-5E0D-4C9A-858A-D561EBD9B624}.Release|x64.ActiveCfg = Release|Any CPU
		{ECF409BD-5E0D-4C9A-858A-D561EBD9B624}.Release|x64.Build.0 = Release|Any CPU
		{ECF409BD-5E0D-4C9A-858A-D561EBD9B624}.Release|x86.ActiveCfg = Release|Any CPU
		{ECF409BD-5E0D-4C9A-858A-D561EBD9B624}.Release|x86.Build.0 = Release|Any CPU
		{39E97B41-DFCA-4D57-888B-DD47A1429924}.Ad-Hoc|Any CPU.ActiveCfg = Debug|Any CPU
		{39E97B41-DFCA-4D57-888B-DD47A1429924}.Ad-Hoc|Any CPU.Build.0 = Debug|Any CPU
		{39E97B41-DFCA-4D57-888B-DD47A1429924}.Ad-Hoc|ARM.ActiveCfg = Debug|Any CPU
		{39E97B41-DFCA-4D57-888B-DD47A1429924}.Ad-Hoc|ARM.Build.0 = Debug|Any CPU
		{39E97B41-DFCA-4D57-888B-DD47A1429924}.Ad-Hoc|iPhone.ActiveCfg = Debug|Any CPU
		{39E97B41-DFCA-4D57-888B-DD47A1429924}.Ad-Hoc|iPhone.Build.0 = Debug|Any CPU
		{39E97B41-DFCA-4D57-888B-DD47A1429924}.Ad-Hoc|iPhoneSimulator.ActiveCfg = Debug|Any CPU
		{39E97B41-DFCA-4D57-888B-DD47A1429924}.Ad-Hoc|iPhoneSimulator.Build.0 = Debug|Any CPU
		{39E97B41-DFCA-4D57-888B-DD47A1429924}.Ad-Hoc|x64.ActiveCfg = Debug|Any CPU
		{39E97B41-DFCA-4D57-888B-DD47A1429924}.Ad-Hoc|x64.Build.0 = Debug|Any CPU
		{39E97B41-DFCA-4D57-888B-DD47A1429924}.Ad-Hoc|x86.ActiveCfg = Debug|Any CPU
		{39E97B41-DFCA-4D57-888B-DD47A1429924}.Ad-Hoc|x86.Build.0 = Debug|Any CPU
		{39E97B41-DFCA-4D57-888B-DD47A1429924}.AppStore|Any CPU.ActiveCfg = Debug|Any CPU
		{39E97B41-DFCA-4D57-888B-DD47A1429924}.AppStore|Any CPU.Build.0 = Debug|Any CPU
		{39E97B41-DFCA-4D57-888B-DD47A1429924}.AppStore|ARM.ActiveCfg = Debug|Any CPU
		{39E97B41-DFCA-4D57-888B-DD47A1429924}.AppStore|ARM.Build.0 = Debug|Any CPU
		{39E97B41-DFCA-4D57-888B-DD47A1429924}.AppStore|iPhone.ActiveCfg = Debug|Any CPU
		{39E97B41-DFCA-4D57-888B-DD47A1429924}.AppStore|iPhone.Build.0 = Debug|Any CPU
		{39E97B41-DFCA-4D57-888B-DD47A1429924}.AppStore|iPhoneSimulator.ActiveCfg = Debug|Any CPU
		{39E97B41-DFCA-4D57-888B-DD47A1429924}.AppStore|iPhoneSimulator.Build.0 = Debug|Any CPU
		{39E97B41-DFCA-4D57-888B-DD47A1429924}.AppStore|x64.ActiveCfg = Debug|Any CPU
		{39E97B41-DFCA-4D57-888B-DD47A1429924}.AppStore|x64.Build.0 = Debug|Any CPU
		{39E97B41-DFCA-4D57-888B-DD47A1429924}.AppStore|x86.ActiveCfg = Debug|Any CPU
		{39E97B41-DFCA-4D57-888B-DD47A1429924}.AppStore|x86.Build.0 = Debug|Any CPU
		{39E97B41-DFCA-4D57-888B-DD47A1429924}.Debug|Any CPU.ActiveCfg = Debug|Any CPU
		{39E97B41-DFCA-4D57-888B-DD47A1429924}.Debug|Any CPU.Build.0 = Debug|Any CPU
		{39E97B41-DFCA-4D57-888B-DD47A1429924}.Debug|ARM.ActiveCfg = Debug|Any CPU
		{39E97B41-DFCA-4D57-888B-DD47A1429924}.Debug|ARM.Build.0 = Debug|Any CPU
		{39E97B41-DFCA-4D57-888B-DD47A1429924}.Debug|iPhone.ActiveCfg = Debug|Any CPU
		{39E97B41-DFCA-4D57-888B-DD47A1429924}.Debug|iPhone.Build.0 = Debug|Any CPU
		{39E97B41-DFCA-4D57-888B-DD47A1429924}.Debug|iPhoneSimulator.ActiveCfg = Debug|Any CPU
		{39E97B41-DFCA-4D57-888B-DD47A1429924}.Debug|iPhoneSimulator.Build.0 = Debug|Any CPU
		{39E97B41-DFCA-4D57-888B-DD47A1429924}.Debug|x64.ActiveCfg = Debug|Any CPU
		{39E97B41-DFCA-4D57-888B-DD47A1429924}.Debug|x64.Build.0 = Debug|Any CPU
		{39E97B41-DFCA-4D57-888B-DD47A1429924}.Debug|x86.ActiveCfg = Debug|Any CPU
		{39E97B41-DFCA-4D57-888B-DD47A1429924}.Debug|x86.Build.0 = Debug|Any CPU
		{39E97B41-DFCA-4D57-888B-DD47A1429924}.Release|Any CPU.ActiveCfg = Release|Any CPU
		{39E97B41-DFCA-4D57-888B-DD47A1429924}.Release|Any CPU.Build.0 = Release|Any CPU
		{39E97B41-DFCA-4D57-888B-DD47A1429924}.Release|ARM.ActiveCfg = Release|Any CPU
		{39E97B41-DFCA-4D57-888B-DD47A1429924}.Release|ARM.Build.0 = Release|Any CPU
		{39E97B41-DFCA-4D57-888B-DD47A1429924}.Release|iPhone.ActiveCfg = Release|Any CPU
		{39E97B41-DFCA-4D57-888B-DD47A1429924}.Release|iPhone.Build.0 = Release|Any CPU
		{39E97B41-DFCA-4D57-888B-DD47A1429924}.Release|iPhoneSimulator.ActiveCfg = Release|Any CPU
		{39E97B41-DFCA-4D57-888B-DD47A1429924}.Release|iPhoneSimulator.Build.0 = Release|Any CPU
		{39E97B41-DFCA-4D57-888B-DD47A1429924}.Release|x64.ActiveCfg = Release|Any CPU
		{39E97B41-DFCA-4D57-888B-DD47A1429924}.Release|x64.Build.0 = Release|Any CPU
		{39E97B41-DFCA-4D57-888B-DD47A1429924}.Release|x86.ActiveCfg = Release|Any CPU
		{39E97B41-DFCA-4D57-888B-DD47A1429924}.Release|x86.Build.0 = Release|Any CPU
		{51C07D3F-C139-4A5D-B89A-570F31F56CD7}.Ad-Hoc|Any CPU.ActiveCfg = Debug|Any CPU
		{51C07D3F-C139-4A5D-B89A-570F31F56CD7}.Ad-Hoc|Any CPU.Build.0 = Debug|Any CPU
		{51C07D3F-C139-4A5D-B89A-570F31F56CD7}.Ad-Hoc|ARM.ActiveCfg = Debug|Any CPU
		{51C07D3F-C139-4A5D-B89A-570F31F56CD7}.Ad-Hoc|ARM.Build.0 = Debug|Any CPU
		{51C07D3F-C139-4A5D-B89A-570F31F56CD7}.Ad-Hoc|iPhone.ActiveCfg = Debug|Any CPU
		{51C07D3F-C139-4A5D-B89A-570F31F56CD7}.Ad-Hoc|iPhone.Build.0 = Debug|Any CPU
		{51C07D3F-C139-4A5D-B89A-570F31F56CD7}.Ad-Hoc|iPhoneSimulator.ActiveCfg = Debug|Any CPU
		{51C07D3F-C139-4A5D-B89A-570F31F56CD7}.Ad-Hoc|iPhoneSimulator.Build.0 = Debug|Any CPU
		{51C07D3F-C139-4A5D-B89A-570F31F56CD7}.Ad-Hoc|x64.ActiveCfg = Debug|Any CPU
		{51C07D3F-C139-4A5D-B89A-570F31F56CD7}.Ad-Hoc|x64.Build.0 = Debug|Any CPU
		{51C07D3F-C139-4A5D-B89A-570F31F56CD7}.Ad-Hoc|x86.ActiveCfg = Debug|Any CPU
		{51C07D3F-C139-4A5D-B89A-570F31F56CD7}.Ad-Hoc|x86.Build.0 = Debug|Any CPU
		{51C07D3F-C139-4A5D-B89A-570F31F56CD7}.AppStore|Any CPU.ActiveCfg = Debug|Any CPU
		{51C07D3F-C139-4A5D-B89A-570F31F56CD7}.AppStore|Any CPU.Build.0 = Debug|Any CPU
		{51C07D3F-C139-4A5D-B89A-570F31F56CD7}.AppStore|ARM.ActiveCfg = Debug|Any CPU
		{51C07D3F-C139-4A5D-B89A-570F31F56CD7}.AppStore|ARM.Build.0 = Debug|Any CPU
		{51C07D3F-C139-4A5D-B89A-570F31F56CD7}.AppStore|iPhone.ActiveCfg = Debug|Any CPU
		{51C07D3F-C139-4A5D-B89A-570F31F56CD7}.AppStore|iPhone.Build.0 = Debug|Any CPU
		{51C07D3F-C139-4A5D-B89A-570F31F56CD7}.AppStore|iPhoneSimulator.ActiveCfg = Debug|Any CPU
		{51C07D3F-C139-4A5D-B89A-570F31F56CD7}.AppStore|iPhoneSimulator.Build.0 = Debug|Any CPU
		{51C07D3F-C139-4A5D-B89A-570F31F56CD7}.AppStore|x64.ActiveCfg = Debug|Any CPU
		{51C07D3F-C139-4A5D-B89A-570F31F56CD7}.AppStore|x64.Build.0 = Debug|Any CPU
		{51C07D3F-C139-4A5D-B89A-570F31F56CD7}.AppStore|x86.ActiveCfg = Debug|Any CPU
		{51C07D3F-C139-4A5D-B89A-570F31F56CD7}.AppStore|x86.Build.0 = Debug|Any CPU
		{51C07D3F-C139-4A5D-B89A-570F31F56CD7}.Debug|Any CPU.ActiveCfg = Debug|Any CPU
		{51C07D3F-C139-4A5D-B89A-570F31F56CD7}.Debug|Any CPU.Build.0 = Debug|Any CPU
		{51C07D3F-C139-4A5D-B89A-570F31F56CD7}.Debug|ARM.ActiveCfg = Debug|Any CPU
		{51C07D3F-C139-4A5D-B89A-570F31F56CD7}.Debug|ARM.Build.0 = Debug|Any CPU
		{51C07D3F-C139-4A5D-B89A-570F31F56CD7}.Debug|iPhone.ActiveCfg = Debug|Any CPU
		{51C07D3F-C139-4A5D-B89A-570F31F56CD7}.Debug|iPhone.Build.0 = Debug|Any CPU
		{51C07D3F-C139-4A5D-B89A-570F31F56CD7}.Debug|iPhoneSimulator.ActiveCfg = Debug|Any CPU
		{51C07D3F-C139-4A5D-B89A-570F31F56CD7}.Debug|iPhoneSimulator.Build.0 = Debug|Any CPU
		{51C07D3F-C139-4A5D-B89A-570F31F56CD7}.Debug|x64.ActiveCfg = Debug|Any CPU
		{51C07D3F-C139-4A5D-B89A-570F31F56CD7}.Debug|x64.Build.0 = Debug|Any CPU
		{51C07D3F-C139-4A5D-B89A-570F31F56CD7}.Debug|x86.ActiveCfg = Debug|Any CPU
		{51C07D3F-C139-4A5D-B89A-570F31F56CD7}.Debug|x86.Build.0 = Debug|Any CPU
		{51C07D3F-C139-4A5D-B89A-570F31F56CD7}.Release|Any CPU.ActiveCfg = Release|Any CPU
		{51C07D3F-C139-4A5D-B89A-570F31F56CD7}.Release|Any CPU.Build.0 = Release|Any CPU
		{51C07D3F-C139-4A5D-B89A-570F31F56CD7}.Release|ARM.ActiveCfg = Release|Any CPU
		{51C07D3F-C139-4A5D-B89A-570F31F56CD7}.Release|ARM.Build.0 = Release|Any CPU
		{51C07D3F-C139-4A5D-B89A-570F31F56CD7}.Release|iPhone.ActiveCfg = Release|Any CPU
		{51C07D3F-C139-4A5D-B89A-570F31F56CD7}.Release|iPhone.Build.0 = Release|Any CPU
		{51C07D3F-C139-4A5D-B89A-570F31F56CD7}.Release|iPhoneSimulator.ActiveCfg = Release|Any CPU
		{51C07D3F-C139-4A5D-B89A-570F31F56CD7}.Release|iPhoneSimulator.Build.0 = Release|Any CPU
		{51C07D3F-C139-4A5D-B89A-570F31F56CD7}.Release|x64.ActiveCfg = Release|Any CPU
		{51C07D3F-C139-4A5D-B89A-570F31F56CD7}.Release|x64.Build.0 = Release|Any CPU
		{51C07D3F-C139-4A5D-B89A-570F31F56CD7}.Release|x86.ActiveCfg = Release|Any CPU
		{51C07D3F-C139-4A5D-B89A-570F31F56CD7}.Release|x86.Build.0 = Release|Any CPU
		{E64F1998-2297-4994-84E5-90D58C3211A9}.Ad-Hoc|Any CPU.ActiveCfg = Debug|Any CPU
		{E64F1998-2297-4994-84E5-90D58C3211A9}.Ad-Hoc|Any CPU.Build.0 = Debug|Any CPU
		{E64F1998-2297-4994-84E5-90D58C3211A9}.Ad-Hoc|ARM.ActiveCfg = Debug|Any CPU
		{E64F1998-2297-4994-84E5-90D58C3211A9}.Ad-Hoc|ARM.Build.0 = Debug|Any CPU
		{E64F1998-2297-4994-84E5-90D58C3211A9}.Ad-Hoc|iPhone.ActiveCfg = Debug|Any CPU
		{E64F1998-2297-4994-84E5-90D58C3211A9}.Ad-Hoc|iPhone.Build.0 = Debug|Any CPU
		{E64F1998-2297-4994-84E5-90D58C3211A9}.Ad-Hoc|iPhoneSimulator.ActiveCfg = Debug|Any CPU
		{E64F1998-2297-4994-84E5-90D58C3211A9}.Ad-Hoc|iPhoneSimulator.Build.0 = Debug|Any CPU
		{E64F1998-2297-4994-84E5-90D58C3211A9}.Ad-Hoc|x64.ActiveCfg = Debug|Any CPU
		{E64F1998-2297-4994-84E5-90D58C3211A9}.Ad-Hoc|x64.Build.0 = Debug|Any CPU
		{E64F1998-2297-4994-84E5-90D58C3211A9}.Ad-Hoc|x86.ActiveCfg = Debug|Any CPU
		{E64F1998-2297-4994-84E5-90D58C3211A9}.Ad-Hoc|x86.Build.0 = Debug|Any CPU
		{E64F1998-2297-4994-84E5-90D58C3211A9}.AppStore|Any CPU.ActiveCfg = Debug|Any CPU
		{E64F1998-2297-4994-84E5-90D58C3211A9}.AppStore|Any CPU.Build.0 = Debug|Any CPU
		{E64F1998-2297-4994-84E5-90D58C3211A9}.AppStore|ARM.ActiveCfg = Debug|Any CPU
		{E64F1998-2297-4994-84E5-90D58C3211A9}.AppStore|ARM.Build.0 = Debug|Any CPU
		{E64F1998-2297-4994-84E5-90D58C3211A9}.AppStore|iPhone.ActiveCfg = Debug|Any CPU
		{E64F1998-2297-4994-84E5-90D58C3211A9}.AppStore|iPhone.Build.0 = Debug|Any CPU
		{E64F1998-2297-4994-84E5-90D58C3211A9}.AppStore|iPhoneSimulator.ActiveCfg = Debug|Any CPU
		{E64F1998-2297-4994-84E5-90D58C3211A9}.AppStore|iPhoneSimulator.Build.0 = Debug|Any CPU
		{E64F1998-2297-4994-84E5-90D58C3211A9}.AppStore|x64.ActiveCfg = Debug|Any CPU
		{E64F1998-2297-4994-84E5-90D58C3211A9}.AppStore|x64.Build.0 = Debug|Any CPU
		{E64F1998-2297-4994-84E5-90D58C3211A9}.AppStore|x86.ActiveCfg = Debug|Any CPU
		{E64F1998-2297-4994-84E5-90D58C3211A9}.AppStore|x86.Build.0 = Debug|Any CPU
		{E64F1998-2297-4994-84E5-90D58C3211A9}.Debug|Any CPU.ActiveCfg = Debug|Any CPU
		{E64F1998-2297-4994-84E5-90D58C3211A9}.Debug|Any CPU.Build.0 = Debug|Any CPU
		{E64F1998-2297-4994-84E5-90D58C3211A9}.Debug|ARM.ActiveCfg = Debug|Any CPU
		{E64F1998-2297-4994-84E5-90D58C3211A9}.Debug|ARM.Build.0 = Debug|Any CPU
		{E64F1998-2297-4994-84E5-90D58C3211A9}.Debug|iPhone.ActiveCfg = Debug|Any CPU
		{E64F1998-2297-4994-84E5-90D58C3211A9}.Debug|iPhone.Build.0 = Debug|Any CPU
		{E64F1998-2297-4994-84E5-90D58C3211A9}.Debug|iPhoneSimulator.ActiveCfg = Debug|Any CPU
		{E64F1998-2297-4994-84E5-90D58C3211A9}.Debug|iPhoneSimulator.Build.0 = Debug|Any CPU
		{E64F1998-2297-4994-84E5-90D58C3211A9}.Debug|x64.ActiveCfg = Debug|Any CPU
		{E64F1998-2297-4994-84E5-90D58C3211A9}.Debug|x64.Build.0 = Debug|Any CPU
		{E64F1998-2297-4994-84E5-90D58C3211A9}.Debug|x86.ActiveCfg = Debug|Any CPU
		{E64F1998-2297-4994-84E5-90D58C3211A9}.Debug|x86.Build.0 = Debug|Any CPU
		{E64F1998-2297-4994-84E5-90D58C3211A9}.Release|Any CPU.ActiveCfg = Release|Any CPU
		{E64F1998-2297-4994-84E5-90D58C3211A9}.Release|Any CPU.Build.0 = Release|Any CPU
		{E64F1998-2297-4994-84E5-90D58C3211A9}.Release|ARM.ActiveCfg = Release|Any CPU
		{E64F1998-2297-4994-84E5-90D58C3211A9}.Release|ARM.Build.0 = Release|Any CPU
		{E64F1998-2297-4994-84E5-90D58C3211A9}.Release|iPhone.ActiveCfg = Release|Any CPU
		{E64F1998-2297-4994-84E5-90D58C3211A9}.Release|iPhone.Build.0 = Release|Any CPU
		{E64F1998-2297-4994-84E5-90D58C3211A9}.Release|iPhoneSimulator.ActiveCfg = Release|Any CPU
		{E64F1998-2297-4994-84E5-90D58C3211A9}.Release|iPhoneSimulator.Build.0 = Release|Any CPU
		{E64F1998-2297-4994-84E5-90D58C3211A9}.Release|x64.ActiveCfg = Release|Any CPU
		{E64F1998-2297-4994-84E5-90D58C3211A9}.Release|x64.Build.0 = Release|Any CPU
		{E64F1998-2297-4994-84E5-90D58C3211A9}.Release|x86.ActiveCfg = Release|Any CPU
		{E64F1998-2297-4994-84E5-90D58C3211A9}.Release|x86.Build.0 = Release|Any CPU
		{C1725523-96B5-4588-A08B-10ABDD71B2F5}.Ad-Hoc|Any CPU.ActiveCfg = Debug|Any CPU
		{C1725523-96B5-4588-A08B-10ABDD71B2F5}.Ad-Hoc|Any CPU.Build.0 = Debug|Any CPU
		{C1725523-96B5-4588-A08B-10ABDD71B2F5}.Ad-Hoc|ARM.ActiveCfg = Debug|Any CPU
		{C1725523-96B5-4588-A08B-10ABDD71B2F5}.Ad-Hoc|ARM.Build.0 = Debug|Any CPU
		{C1725523-96B5-4588-A08B-10ABDD71B2F5}.Ad-Hoc|iPhone.ActiveCfg = Debug|Any CPU
		{C1725523-96B5-4588-A08B-10ABDD71B2F5}.Ad-Hoc|iPhone.Build.0 = Debug|Any CPU
		{C1725523-96B5-4588-A08B-10ABDD71B2F5}.Ad-Hoc|iPhoneSimulator.ActiveCfg = Debug|Any CPU
		{C1725523-96B5-4588-A08B-10ABDD71B2F5}.Ad-Hoc|iPhoneSimulator.Build.0 = Debug|Any CPU
		{C1725523-96B5-4588-A08B-10ABDD71B2F5}.Ad-Hoc|x64.ActiveCfg = Debug|Any CPU
		{C1725523-96B5-4588-A08B-10ABDD71B2F5}.Ad-Hoc|x64.Build.0 = Debug|Any CPU
		{C1725523-96B5-4588-A08B-10ABDD71B2F5}.Ad-Hoc|x86.ActiveCfg = Debug|Any CPU
		{C1725523-96B5-4588-A08B-10ABDD71B2F5}.Ad-Hoc|x86.Build.0 = Debug|Any CPU
		{C1725523-96B5-4588-A08B-10ABDD71B2F5}.AppStore|Any CPU.ActiveCfg = Debug|Any CPU
		{C1725523-96B5-4588-A08B-10ABDD71B2F5}.AppStore|Any CPU.Build.0 = Debug|Any CPU
		{C1725523-96B5-4588-A08B-10ABDD71B2F5}.AppStore|ARM.ActiveCfg = Debug|Any CPU
		{C1725523-96B5-4588-A08B-10ABDD71B2F5}.AppStore|ARM.Build.0 = Debug|Any CPU
		{C1725523-96B5-4588-A08B-10ABDD71B2F5}.AppStore|iPhone.ActiveCfg = Debug|Any CPU
		{C1725523-96B5-4588-A08B-10ABDD71B2F5}.AppStore|iPhone.Build.0 = Debug|Any CPU
		{C1725523-96B5-4588-A08B-10ABDD71B2F5}.AppStore|iPhoneSimulator.ActiveCfg = Debug|Any CPU
		{C1725523-96B5-4588-A08B-10ABDD71B2F5}.AppStore|iPhoneSimulator.Build.0 = Debug|Any CPU
		{C1725523-96B5-4588-A08B-10ABDD71B2F5}.AppStore|x64.ActiveCfg = Debug|Any CPU
		{C1725523-96B5-4588-A08B-10ABDD71B2F5}.AppStore|x64.Build.0 = Debug|Any CPU
		{C1725523-96B5-4588-A08B-10ABDD71B2F5}.AppStore|x86.ActiveCfg = Debug|Any CPU
		{C1725523-96B5-4588-A08B-10ABDD71B2F5}.AppStore|x86.Build.0 = Debug|Any CPU
		{C1725523-96B5-4588-A08B-10ABDD71B2F5}.Debug|Any CPU.ActiveCfg = Debug|Any CPU
		{C1725523-96B5-4588-A08B-10ABDD71B2F5}.Debug|Any CPU.Build.0 = Debug|Any CPU
		{C1725523-96B5-4588-A08B-10ABDD71B2F5}.Debug|ARM.ActiveCfg = Debug|Any CPU
		{C1725523-96B5-4588-A08B-10ABDD71B2F5}.Debug|ARM.Build.0 = Debug|Any CPU
		{C1725523-96B5-4588-A08B-10ABDD71B2F5}.Debug|iPhone.ActiveCfg = Debug|Any CPU
		{C1725523-96B5-4588-A08B-10ABDD71B2F5}.Debug|iPhone.Build.0 = Debug|Any CPU
		{C1725523-96B5-4588-A08B-10ABDD71B2F5}.Debug|iPhoneSimulator.ActiveCfg = Debug|Any CPU
		{C1725523-96B5-4588-A08B-10ABDD71B2F5}.Debug|iPhoneSimulator.Build.0 = Debug|Any CPU
		{C1725523-96B5-4588-A08B-10ABDD71B2F5}.Debug|x64.ActiveCfg = Debug|Any CPU
		{C1725523-96B5-4588-A08B-10ABDD71B2F5}.Debug|x64.Build.0 = Debug|Any CPU
		{C1725523-96B5-4588-A08B-10ABDD71B2F5}.Debug|x86.ActiveCfg = Debug|Any CPU
		{C1725523-96B5-4588-A08B-10ABDD71B2F5}.Debug|x86.Build.0 = Debug|Any CPU
		{C1725523-96B5-4588-A08B-10ABDD71B2F5}.Release|Any CPU.ActiveCfg = Release|Any CPU
		{C1725523-96B5-4588-A08B-10ABDD71B2F5}.Release|Any CPU.Build.0 = Release|Any CPU
		{C1725523-96B5-4588-A08B-10ABDD71B2F5}.Release|ARM.ActiveCfg = Release|Any CPU
		{C1725523-96B5-4588-A08B-10ABDD71B2F5}.Release|ARM.Build.0 = Release|Any CPU
		{C1725523-96B5-4588-A08B-10ABDD71B2F5}.Release|iPhone.ActiveCfg = Release|Any CPU
		{C1725523-96B5-4588-A08B-10ABDD71B2F5}.Release|iPhone.Build.0 = Release|Any CPU
		{C1725523-96B5-4588-A08B-10ABDD71B2F5}.Release|iPhoneSimulator.ActiveCfg = Release|Any CPU
		{C1725523-96B5-4588-A08B-10ABDD71B2F5}.Release|iPhoneSimulator.Build.0 = Release|Any CPU
		{C1725523-96B5-4588-A08B-10ABDD71B2F5}.Release|x64.ActiveCfg = Release|Any CPU
		{C1725523-96B5-4588-A08B-10ABDD71B2F5}.Release|x64.Build.0 = Release|Any CPU
		{C1725523-96B5-4588-A08B-10ABDD71B2F5}.Release|x86.ActiveCfg = Release|Any CPU
		{C1725523-96B5-4588-A08B-10ABDD71B2F5}.Release|x86.Build.0 = Release|Any CPU
		{D246C12D-3F6B-4468-ACBB-4863146CC17C}.Ad-Hoc|Any CPU.ActiveCfg = Debug|Any CPU
		{D246C12D-3F6B-4468-ACBB-4863146CC17C}.Ad-Hoc|Any CPU.Build.0 = Debug|Any CPU
		{D246C12D-3F6B-4468-ACBB-4863146CC17C}.Ad-Hoc|ARM.ActiveCfg = Debug|Any CPU
		{D246C12D-3F6B-4468-ACBB-4863146CC17C}.Ad-Hoc|ARM.Build.0 = Debug|Any CPU
		{D246C12D-3F6B-4468-ACBB-4863146CC17C}.Ad-Hoc|iPhone.ActiveCfg = Debug|Any CPU
		{D246C12D-3F6B-4468-ACBB-4863146CC17C}.Ad-Hoc|iPhone.Build.0 = Debug|Any CPU
		{D246C12D-3F6B-4468-ACBB-4863146CC17C}.Ad-Hoc|iPhoneSimulator.ActiveCfg = Debug|Any CPU
		{D246C12D-3F6B-4468-ACBB-4863146CC17C}.Ad-Hoc|iPhoneSimulator.Build.0 = Debug|Any CPU
		{D246C12D-3F6B-4468-ACBB-4863146CC17C}.Ad-Hoc|x64.ActiveCfg = Debug|Any CPU
		{D246C12D-3F6B-4468-ACBB-4863146CC17C}.Ad-Hoc|x64.Build.0 = Debug|Any CPU
		{D246C12D-3F6B-4468-ACBB-4863146CC17C}.Ad-Hoc|x86.ActiveCfg = Debug|Any CPU
		{D246C12D-3F6B-4468-ACBB-4863146CC17C}.Ad-Hoc|x86.Build.0 = Debug|Any CPU
		{D246C12D-3F6B-4468-ACBB-4863146CC17C}.AppStore|Any CPU.ActiveCfg = Debug|Any CPU
		{D246C12D-3F6B-4468-ACBB-4863146CC17C}.AppStore|Any CPU.Build.0 = Debug|Any CPU
		{D246C12D-3F6B-4468-ACBB-4863146CC17C}.AppStore|ARM.ActiveCfg = Debug|Any CPU
		{D246C12D-3F6B-4468-ACBB-4863146CC17C}.AppStore|ARM.Build.0 = Debug|Any CPU
		{D246C12D-3F6B-4468-ACBB-4863146CC17C}.AppStore|iPhone.ActiveCfg = Debug|Any CPU
		{D246C12D-3F6B-4468-ACBB-4863146CC17C}.AppStore|iPhone.Build.0 = Debug|Any CPU
		{D246C12D-3F6B-4468-ACBB-4863146CC17C}.AppStore|iPhoneSimulator.ActiveCfg = Debug|Any CPU
		{D246C12D-3F6B-4468-ACBB-4863146CC17C}.AppStore|iPhoneSimulator.Build.0 = Debug|Any CPU
		{D246C12D-3F6B-4468-ACBB-4863146CC17C}.AppStore|x64.ActiveCfg = Debug|Any CPU
		{D246C12D-3F6B-4468-ACBB-4863146CC17C}.AppStore|x64.Build.0 = Debug|Any CPU
		{D246C12D-3F6B-4468-ACBB-4863146CC17C}.AppStore|x86.ActiveCfg = Debug|Any CPU
		{D246C12D-3F6B-4468-ACBB-4863146CC17C}.AppStore|x86.Build.0 = Debug|Any CPU
		{D246C12D-3F6B-4468-ACBB-4863146CC17C}.Debug|Any CPU.ActiveCfg = Debug|Any CPU
		{D246C12D-3F6B-4468-ACBB-4863146CC17C}.Debug|Any CPU.Build.0 = Debug|Any CPU
		{D246C12D-3F6B-4468-ACBB-4863146CC17C}.Debug|ARM.ActiveCfg = Debug|Any CPU
		{D246C12D-3F6B-4468-ACBB-4863146CC17C}.Debug|ARM.Build.0 = Debug|Any CPU
		{D246C12D-3F6B-4468-ACBB-4863146CC17C}.Debug|iPhone.ActiveCfg = Debug|Any CPU
		{D246C12D-3F6B-4468-ACBB-4863146CC17C}.Debug|iPhone.Build.0 = Debug|Any CPU
		{D246C12D-3F6B-4468-ACBB-4863146CC17C}.Debug|iPhoneSimulator.ActiveCfg = Debug|Any CPU
		{D246C12D-3F6B-4468-ACBB-4863146CC17C}.Debug|iPhoneSimulator.Build.0 = Debug|Any CPU
		{D246C12D-3F6B-4468-ACBB-4863146CC17C}.Debug|x64.ActiveCfg = Debug|Any CPU
		{D246C12D-3F6B-4468-ACBB-4863146CC17C}.Debug|x64.Build.0 = Debug|Any CPU
		{D246C12D-3F6B-4468-ACBB-4863146CC17C}.Debug|x86.ActiveCfg = Debug|Any CPU
		{D246C12D-3F6B-4468-ACBB-4863146CC17C}.Debug|x86.Build.0 = Debug|Any CPU
		{D246C12D-3F6B-4468-ACBB-4863146CC17C}.Release|Any CPU.ActiveCfg = Release|Any CPU
		{D246C12D-3F6B-4468-ACBB-4863146CC17C}.Release|Any CPU.Build.0 = Release|Any CPU
		{D246C12D-3F6B-4468-ACBB-4863146CC17C}.Release|ARM.ActiveCfg = Release|Any CPU
		{D246C12D-3F6B-4468-ACBB-4863146CC17C}.Release|ARM.Build.0 = Release|Any CPU
		{D246C12D-3F6B-4468-ACBB-4863146CC17C}.Release|iPhone.ActiveCfg = Release|Any CPU
		{D246C12D-3F6B-4468-ACBB-4863146CC17C}.Release|iPhone.Build.0 = Release|Any CPU
		{D246C12D-3F6B-4468-ACBB-4863146CC17C}.Release|iPhoneSimulator.ActiveCfg = Release|Any CPU
		{D246C12D-3F6B-4468-ACBB-4863146CC17C}.Release|iPhoneSimulator.Build.0 = Release|Any CPU
		{D246C12D-3F6B-4468-ACBB-4863146CC17C}.Release|x64.ActiveCfg = Release|Any CPU
		{D246C12D-3F6B-4468-ACBB-4863146CC17C}.Release|x64.Build.0 = Release|Any CPU
		{D246C12D-3F6B-4468-ACBB-4863146CC17C}.Release|x86.ActiveCfg = Release|Any CPU
		{D246C12D-3F6B-4468-ACBB-4863146CC17C}.Release|x86.Build.0 = Release|Any CPU
		{129A3523-FC9D-4059-9ED0-45865440D1FC}.Ad-Hoc|Any CPU.ActiveCfg = Debug|Any CPU
		{129A3523-FC9D-4059-9ED0-45865440D1FC}.Ad-Hoc|Any CPU.Build.0 = Debug|Any CPU
		{129A3523-FC9D-4059-9ED0-45865440D1FC}.Ad-Hoc|ARM.ActiveCfg = Debug|Any CPU
		{129A3523-FC9D-4059-9ED0-45865440D1FC}.Ad-Hoc|ARM.Build.0 = Debug|Any CPU
		{129A3523-FC9D-4059-9ED0-45865440D1FC}.Ad-Hoc|iPhone.ActiveCfg = Debug|Any CPU
		{129A3523-FC9D-4059-9ED0-45865440D1FC}.Ad-Hoc|iPhone.Build.0 = Debug|Any CPU
		{129A3523-FC9D-4059-9ED0-45865440D1FC}.Ad-Hoc|iPhoneSimulator.ActiveCfg = Debug|Any CPU
		{129A3523-FC9D-4059-9ED0-45865440D1FC}.Ad-Hoc|iPhoneSimulator.Build.0 = Debug|Any CPU
		{129A3523-FC9D-4059-9ED0-45865440D1FC}.Ad-Hoc|x64.ActiveCfg = Debug|Any CPU
		{129A3523-FC9D-4059-9ED0-45865440D1FC}.Ad-Hoc|x64.Build.0 = Debug|Any CPU
		{129A3523-FC9D-4059-9ED0-45865440D1FC}.Ad-Hoc|x86.ActiveCfg = Debug|Any CPU
		{129A3523-FC9D-4059-9ED0-45865440D1FC}.Ad-Hoc|x86.Build.0 = Debug|Any CPU
		{129A3523-FC9D-4059-9ED0-45865440D1FC}.AppStore|Any CPU.ActiveCfg = Debug|Any CPU
		{129A3523-FC9D-4059-9ED0-45865440D1FC}.AppStore|Any CPU.Build.0 = Debug|Any CPU
		{129A3523-FC9D-4059-9ED0-45865440D1FC}.AppStore|ARM.ActiveCfg = Debug|Any CPU
		{129A3523-FC9D-4059-9ED0-45865440D1FC}.AppStore|ARM.Build.0 = Debug|Any CPU
		{129A3523-FC9D-4059-9ED0-45865440D1FC}.AppStore|iPhone.ActiveCfg = Debug|Any CPU
		{129A3523-FC9D-4059-9ED0-45865440D1FC}.AppStore|iPhone.Build.0 = Debug|Any CPU
		{129A3523-FC9D-4059-9ED0-45865440D1FC}.AppStore|iPhoneSimulator.ActiveCfg = Debug|Any CPU
		{129A3523-FC9D-4059-9ED0-45865440D1FC}.AppStore|iPhoneSimulator.Build.0 = Debug|Any CPU
		{129A3523-FC9D-4059-9ED0-45865440D1FC}.AppStore|x64.ActiveCfg = Debug|Any CPU
		{129A3523-FC9D-4059-9ED0-45865440D1FC}.AppStore|x64.Build.0 = Debug|Any CPU
		{129A3523-FC9D-4059-9ED0-45865440D1FC}.AppStore|x86.ActiveCfg = Debug|Any CPU
		{129A3523-FC9D-4059-9ED0-45865440D1FC}.AppStore|x86.Build.0 = Debug|Any CPU
		{129A3523-FC9D-4059-9ED0-45865440D1FC}.Debug|Any CPU.ActiveCfg = Debug|Any CPU
		{129A3523-FC9D-4059-9ED0-45865440D1FC}.Debug|Any CPU.Build.0 = Debug|Any CPU
		{129A3523-FC9D-4059-9ED0-45865440D1FC}.Debug|ARM.ActiveCfg = Debug|Any CPU
		{129A3523-FC9D-4059-9ED0-45865440D1FC}.Debug|ARM.Build.0 = Debug|Any CPU
		{129A3523-FC9D-4059-9ED0-45865440D1FC}.Debug|iPhone.ActiveCfg = Debug|Any CPU
		{129A3523-FC9D-4059-9ED0-45865440D1FC}.Debug|iPhone.Build.0 = Debug|Any CPU
		{129A3523-FC9D-4059-9ED0-45865440D1FC}.Debug|iPhoneSimulator.ActiveCfg = Debug|Any CPU
		{129A3523-FC9D-4059-9ED0-45865440D1FC}.Debug|iPhoneSimulator.Build.0 = Debug|Any CPU
		{129A3523-FC9D-4059-9ED0-45865440D1FC}.Debug|x64.ActiveCfg = Debug|Any CPU
		{129A3523-FC9D-4059-9ED0-45865440D1FC}.Debug|x64.Build.0 = Debug|Any CPU
		{129A3523-FC9D-4059-9ED0-45865440D1FC}.Debug|x86.ActiveCfg = Debug|Any CPU
		{129A3523-FC9D-4059-9ED0-45865440D1FC}.Debug|x86.Build.0 = Debug|Any CPU
		{129A3523-FC9D-4059-9ED0-45865440D1FC}.Release|Any CPU.ActiveCfg = Release|Any CPU
		{129A3523-FC9D-4059-9ED0-45865440D1FC}.Release|Any CPU.Build.0 = Release|Any CPU
		{129A3523-FC9D-4059-9ED0-45865440D1FC}.Release|ARM.ActiveCfg = Release|Any CPU
		{129A3523-FC9D-4059-9ED0-45865440D1FC}.Release|ARM.Build.0 = Release|Any CPU
		{129A3523-FC9D-4059-9ED0-45865440D1FC}.Release|iPhone.ActiveCfg = Release|Any CPU
		{129A3523-FC9D-4059-9ED0-45865440D1FC}.Release|iPhone.Build.0 = Release|Any CPU
		{129A3523-FC9D-4059-9ED0-45865440D1FC}.Release|iPhoneSimulator.ActiveCfg = Release|Any CPU
		{129A3523-FC9D-4059-9ED0-45865440D1FC}.Release|iPhoneSimulator.Build.0 = Release|Any CPU
		{129A3523-FC9D-4059-9ED0-45865440D1FC}.Release|x64.ActiveCfg = Release|Any CPU
		{129A3523-FC9D-4059-9ED0-45865440D1FC}.Release|x64.Build.0 = Release|Any CPU
		{129A3523-FC9D-4059-9ED0-45865440D1FC}.Release|x86.ActiveCfg = Release|Any CPU
		{129A3523-FC9D-4059-9ED0-45865440D1FC}.Release|x86.Build.0 = Release|Any CPU
	EndGlobalSection
	GlobalSection(SolutionProperties) = preSolution
		HideSolutionNode = FALSE
	EndGlobalSection
	GlobalSection(NestedProjects) = preSolution
		{9E91894D-FA02-4F02-A47C-8A68BA24D199} = {3343B638-39B4-4F4A-9E94-3389C0A7B3EA}
		{6B5825AD-4FDA-41DB-9EAB-4B8312CFE600} = {3343B638-39B4-4F4A-9E94-3389C0A7B3EA}
		{84D5853B-2569-4696-AEA5-6D3EAC273704} = {3343B638-39B4-4F4A-9E94-3389C0A7B3EA}
		{10A17B64-62F5-4C93-A3AA-CA6D71E859AE} = {3343B638-39B4-4F4A-9E94-3389C0A7B3EA}
		{F264701B-F523-4C62-94DD-A0E6CB27127F} = {3343B638-39B4-4F4A-9E94-3389C0A7B3EA}
		{33D7A3C4-7BDB-4F7E-BDA1-933EE7DCCD0D} = {95D0DE2A-C88B-480B-96E0-8CE344A7FB17}
		{ECF409BD-5E0D-4C9A-858A-D561EBD9B624} = {95D0DE2A-C88B-480B-96E0-8CE344A7FB17}
		{39E97B41-DFCA-4D57-888B-DD47A1429924} = {95D0DE2A-C88B-480B-96E0-8CE344A7FB17}
		{51C07D3F-C139-4A5D-B89A-570F31F56CD7} = {EF0B6F6E-14DD-4E56-B3B7-153B1022A265}
		{E64F1998-2297-4994-84E5-90D58C3211A9} = {EF0B6F6E-14DD-4E56-B3B7-153B1022A265}
		{C1725523-96B5-4588-A08B-10ABDD71B2F5} = {3343B638-39B4-4F4A-9E94-3389C0A7B3EA}
		{D246C12D-3F6B-4468-ACBB-4863146CC17C} = {3343B638-39B4-4F4A-9E94-3389C0A7B3EA}
		{129A3523-FC9D-4059-9ED0-45865440D1FC} = {9F4C9537-5DC4-4AEC-9AFB-096E657BE12F}
	EndGlobalSection
EndGlobal
