
Microsoft Visual Studio Solution File, Format Version 12.00
# Visual Studio 14
VisualStudioVersion = 14.0.25420.1
MinimumVisualStudioVersion = 10.0.40219.1
Project("{2150E333-8FDC-42A3-9474-1A3956D46DE8}") = "Server", "Server", "{EF0B6F6E-14DD-4E56-B3B7-153B1022A265}"
EndProject
Project("{2150E333-8FDC-42A3-9474-1A3956D46DE8}") = "Mobile", "Mobile", "{3343B638-39B4-4F4A-9E94-3389C0A7B3EA}"
EndProject
Project("{2150E333-8FDC-42A3-9474-1A3956D46DE8}") = "Common", "Common", "{95D0DE2A-C88B-480B-96E0-8CE344A7FB17}"
EndProject
Project("{FAE04EC0-301F-11D3-BF4B-00C04F79EFBC}") = "Erebus.Model", "Common\Erebus.Model\Erebus.Model.csproj", "{1F634EFC-0BB7-4059-8924-D4D718410B53}"
EndProject
Project("{FAE04EC0-301F-11D3-BF4B-00C04F79EFBC}") = "Erebus.Core", "Common\Erebus.Core\Erebus.Core.csproj", "{CC2528B8-2964-4145-BF72-1E1A591C1CC0}"
EndProject
Project("{8BB2217D-0F2D-49D1-97BC-3654ED321F3B}") = "Erebus.Server", "Server\Erebus.Server\Erebus.Server.xproj", "{89F70D22-EC13-40D0-A0DD-D8B09577A0B8}"
EndProject
Project("{2150E333-8FDC-42A3-9474-1A3956D46DE8}") = "Tests", "Tests", "{9F4C9537-5DC4-4AEC-9AFB-096E657BE12F}"
EndProject
Project("{8BB2217D-0F2D-49D1-97BC-3654ED321F3B}") = "Erebus.Tests", "Tests\Erebus.Tests\Erebus.Tests.xproj", "{8C3CEDB1-4BB0-4FF7-B4BE-A88F61B38E9A}"
EndProject
Project("{FAE04EC0-301F-11D3-BF4B-00C04F79EFBC}") = "Erebus.Resources", "Common\Erebus.Resources\Erebus.Resources.csproj", "{820B25AD-1845-4CF5-824C-9B552EC86A45}"
EndProject
Project("{8BB2217D-0F2D-49D1-97BC-3654ED321F3B}") = "Erebus.Core.Server", "Server\Erebus.Core.Server\Erebus.Core.Server.xproj", "{13253032-2924-40E9-8531-5D778AC6F033}"
EndProject
Project("{FAE04EC0-301F-11D3-BF4B-00C04F79EFBC}") = "Erebus.Mobile", "Mobile\Erebus.Mobile\Erebus.Mobile.csproj", "{B78F2F30-680D-4968-A655-BAA42040487E}"
EndProject
Project("{FAE04EC0-301F-11D3-BF4B-00C04F79EFBC}") = "Erebus.Mobile.Droid", "Mobile\Erebus.Mobile.Droid\Erebus.Mobile.Droid.csproj", "{9E91894D-FA02-4F02-A47C-8A68BA24D199}"
EndProject
Project("{FAE04EC0-301F-11D3-BF4B-00C04F79EFBC}") = "Erebus.Mobile.iOS", "Mobile\Erebus.Mobile.iOS\Erebus.Mobile.iOS.csproj", "{6B5825AD-4FDA-41DB-9EAB-4B8312CFE600}"
EndProject
Project("{FAE04EC0-301F-11D3-BF4B-00C04F79EFBC}") = "Erebus.Mobile.UWP", "Mobile\Erebus.Mobile.UWP\Erebus.Mobile.UWP.csproj", "{84D5853B-2569-4696-AEA5-6D3EAC273704}"
EndProject
Global
	GlobalSection(SolutionConfigurationPlatforms) = preSolution
		Ad-Hoc|Any CPU = Ad-Hoc|Any CPU
		Ad-Hoc|ARM = Ad-Hoc|ARM
		Ad-Hoc|iPhone = Ad-Hoc|iPhone
		Ad-Hoc|iPhoneSimulator = Ad-Hoc|iPhoneSimulator
		Ad-Hoc|x64 = Ad-Hoc|x64
		Ad-Hoc|x86 = Ad-Hoc|x86
		AppStore|Any CPU = AppStore|Any CPU
		AppStore|ARM = AppStore|ARM
		AppStore|iPhone = AppStore|iPhone
		AppStore|iPhoneSimulator = AppStore|iPhoneSimulator
		AppStore|x64 = AppStore|x64
		AppStore|x86 = AppStore|x86
		Debug|Any CPU = Debug|Any CPU
		Debug|ARM = Debug|ARM
		Debug|iPhone = Debug|iPhone
		Debug|iPhoneSimulator = Debug|iPhoneSimulator
		Debug|x64 = Debug|x64
		Debug|x86 = Debug|x86
		Release|Any CPU = Release|Any CPU
		Release|ARM = Release|ARM
		Release|iPhone = Release|iPhone
		Release|iPhoneSimulator = Release|iPhoneSimulator
		Release|x64 = Release|x64
		Release|x86 = Release|x86
	EndGlobalSection
	GlobalSection(ProjectConfigurationPlatforms) = postSolution
		{1F634EFC-0BB7-4059-8924-D4D718410B53}.Ad-Hoc|Any CPU.ActiveCfg = Release|Any CPU
		{1F634EFC-0BB7-4059-8924-D4D718410B53}.Ad-Hoc|Any CPU.Build.0 = Release|Any CPU
		{1F634EFC-0BB7-4059-8924-D4D718410B53}.Ad-Hoc|ARM.ActiveCfg = Release|Any CPU
		{1F634EFC-0BB7-4059-8924-D4D718410B53}.Ad-Hoc|ARM.Build.0 = Release|Any CPU
		{1F634EFC-0BB7-4059-8924-D4D718410B53}.Ad-Hoc|iPhone.ActiveCfg = Release|Any CPU
		{1F634EFC-0BB7-4059-8924-D4D718410B53}.Ad-Hoc|iPhone.Build.0 = Release|Any CPU
		{1F634EFC-0BB7-4059-8924-D4D718410B53}.Ad-Hoc|iPhoneSimulator.ActiveCfg = Release|Any CPU
		{1F634EFC-0BB7-4059-8924-D4D718410B53}.Ad-Hoc|iPhoneSimulator.Build.0 = Release|Any CPU
		{1F634EFC-0BB7-4059-8924-D4D718410B53}.Ad-Hoc|x64.ActiveCfg = Release|Any CPU
		{1F634EFC-0BB7-4059-8924-D4D718410B53}.Ad-Hoc|x64.Build.0 = Release|Any CPU
		{1F634EFC-0BB7-4059-8924-D4D718410B53}.Ad-Hoc|x86.ActiveCfg = Release|Any CPU
		{1F634EFC-0BB7-4059-8924-D4D718410B53}.Ad-Hoc|x86.Build.0 = Release|Any CPU
		{1F634EFC-0BB7-4059-8924-D4D718410B53}.AppStore|Any CPU.ActiveCfg = Release|Any CPU
		{1F634EFC-0BB7-4059-8924-D4D718410B53}.AppStore|Any CPU.Build.0 = Release|Any CPU
		{1F634EFC-0BB7-4059-8924-D4D718410B53}.AppStore|ARM.ActiveCfg = Release|Any CPU
		{1F634EFC-0BB7-4059-8924-D4D718410B53}.AppStore|ARM.Build.0 = Release|Any CPU
		{1F634EFC-0BB7-4059-8924-D4D718410B53}.AppStore|iPhone.ActiveCfg = Release|Any CPU
		{1F634EFC-0BB7-4059-8924-D4D718410B53}.AppStore|iPhone.Build.0 = Release|Any CPU
		{1F634EFC-0BB7-4059-8924-D4D718410B53}.AppStore|iPhoneSimulator.ActiveCfg = Release|Any CPU
		{1F634EFC-0BB7-4059-8924-D4D718410B53}.AppStore|iPhoneSimulator.Build.0 = Release|Any CPU
		{1F634EFC-0BB7-4059-8924-D4D718410B53}.AppStore|x64.ActiveCfg = Release|Any CPU
		{1F634EFC-0BB7-4059-8924-D4D718410B53}.AppStore|x64.Build.0 = Release|Any CPU
		{1F634EFC-0BB7-4059-8924-D4D718410B53}.AppStore|x86.ActiveCfg = Release|Any CPU
		{1F634EFC-0BB7-4059-8924-D4D718410B53}.AppStore|x86.Build.0 = Release|Any CPU
		{1F634EFC-0BB7-4059-8924-D4D718410B53}.Debug|Any CPU.ActiveCfg = Debug|Any CPU
		{1F634EFC-0BB7-4059-8924-D4D718410B53}.Debug|Any CPU.Build.0 = Debug|Any CPU
		{1F634EFC-0BB7-4059-8924-D4D718410B53}.Debug|ARM.ActiveCfg = Debug|Any CPU
		{1F634EFC-0BB7-4059-8924-D4D718410B53}.Debug|ARM.Build.0 = Debug|Any CPU
		{1F634EFC-0BB7-4059-8924-D4D718410B53}.Debug|iPhone.ActiveCfg = Debug|Any CPU
		{1F634EFC-0BB7-4059-8924-D4D718410B53}.Debug|iPhone.Build.0 = Debug|Any CPU
		{1F634EFC-0BB7-4059-8924-D4D718410B53}.Debug|iPhoneSimulator.ActiveCfg = Debug|Any CPU
		{1F634EFC-0BB7-4059-8924-D4D718410B53}.Debug|iPhoneSimulator.Build.0 = Debug|Any CPU
		{1F634EFC-0BB7-4059-8924-D4D718410B53}.Debug|x64.ActiveCfg = Debug|Any CPU
		{1F634EFC-0BB7-4059-8924-D4D718410B53}.Debug|x64.Build.0 = Debug|Any CPU
		{1F634EFC-0BB7-4059-8924-D4D718410B53}.Debug|x86.ActiveCfg = Debug|Any CPU
		{1F634EFC-0BB7-4059-8924-D4D718410B53}.Debug|x86.Build.0 = Debug|Any CPU
		{1F634EFC-0BB7-4059-8924-D4D718410B53}.Release|Any CPU.ActiveCfg = Release|Any CPU
		{1F634EFC-0BB7-4059-8924-D4D718410B53}.Release|Any CPU.Build.0 = Release|Any CPU
		{1F634EFC-0BB7-4059-8924-D4D718410B53}.Release|ARM.ActiveCfg = Release|Any CPU
		{1F634EFC-0BB7-4059-8924-D4D718410B53}.Release|ARM.Build.0 = Release|Any CPU
		{1F634EFC-0BB7-4059-8924-D4D718410B53}.Release|iPhone.ActiveCfg = Release|Any CPU
		{1F634EFC-0BB7-4059-8924-D4D718410B53}.Release|iPhone.Build.0 = Release|Any CPU
		{1F634EFC-0BB7-4059-8924-D4D718410B53}.Release|iPhoneSimulator.ActiveCfg = Release|Any CPU
		{1F634EFC-0BB7-4059-8924-D4D718410B53}.Release|iPhoneSimulator.Build.0 = Release|Any CPU
		{1F634EFC-0BB7-4059-8924-D4D718410B53}.Release|x64.ActiveCfg = Release|Any CPU
		{1F634EFC-0BB7-4059-8924-D4D718410B53}.Release|x64.Build.0 = Release|Any CPU
		{1F634EFC-0BB7-4059-8924-D4D718410B53}.Release|x86.ActiveCfg = Release|Any CPU
		{1F634EFC-0BB7-4059-8924-D4D718410B53}.Release|x86.Build.0 = Release|Any CPU
		{CC2528B8-2964-4145-BF72-1E1A591C1CC0}.Ad-Hoc|Any CPU.ActiveCfg = Release|Any CPU
		{CC2528B8-2964-4145-BF72-1E1A591C1CC0}.Ad-Hoc|Any CPU.Build.0 = Release|Any CPU
		{CC2528B8-2964-4145-BF72-1E1A591C1CC0}.Ad-Hoc|ARM.ActiveCfg = Release|Any CPU
		{CC2528B8-2964-4145-BF72-1E1A591C1CC0}.Ad-Hoc|ARM.Build.0 = Release|Any CPU
		{CC2528B8-2964-4145-BF72-1E1A591C1CC0}.Ad-Hoc|iPhone.ActiveCfg = Release|Any CPU
		{CC2528B8-2964-4145-BF72-1E1A591C1CC0}.Ad-Hoc|iPhone.Build.0 = Release|Any CPU
		{CC2528B8-2964-4145-BF72-1E1A591C1CC0}.Ad-Hoc|iPhoneSimulator.ActiveCfg = Release|Any CPU
		{CC2528B8-2964-4145-BF72-1E1A591C1CC0}.Ad-Hoc|iPhoneSimulator.Build.0 = Release|Any CPU
		{CC2528B8-2964-4145-BF72-1E1A591C1CC0}.Ad-Hoc|x64.ActiveCfg = Release|Any CPU
		{CC2528B8-2964-4145-BF72-1E1A591C1CC0}.Ad-Hoc|x64.Build.0 = Release|Any CPU
		{CC2528B8-2964-4145-BF72-1E1A591C1CC0}.Ad-Hoc|x86.ActiveCfg = Release|Any CPU
		{CC2528B8-2964-4145-BF72-1E1A591C1CC0}.Ad-Hoc|x86.Build.0 = Release|Any CPU
		{CC2528B8-2964-4145-BF72-1E1A591C1CC0}.AppStore|Any CPU.ActiveCfg = Release|Any CPU
		{CC2528B8-2964-4145-BF72-1E1A591C1CC0}.AppStore|Any CPU.Build.0 = Release|Any CPU
		{CC2528B8-2964-4145-BF72-1E1A591C1CC0}.AppStore|ARM.ActiveCfg = Release|Any CPU
		{CC2528B8-2964-4145-BF72-1E1A591C1CC0}.AppStore|ARM.Build.0 = Release|Any CPU
		{CC2528B8-2964-4145-BF72-1E1A591C1CC0}.AppStore|iPhone.ActiveCfg = Release|Any CPU
		{CC2528B8-2964-4145-BF72-1E1A591C1CC0}.AppStore|iPhone.Build.0 = Release|Any CPU
		{CC2528B8-2964-4145-BF72-1E1A591C1CC0}.AppStore|iPhoneSimulator.ActiveCfg = Release|Any CPU
		{CC2528B8-2964-4145-BF72-1E1A591C1CC0}.AppStore|iPhoneSimulator.Build.0 = Release|Any CPU
		{CC2528B8-2964-4145-BF72-1E1A591C1CC0}.AppStore|x64.ActiveCfg = Release|Any CPU
		{CC2528B8-2964-4145-BF72-1E1A591C1CC0}.AppStore|x64.Build.0 = Release|Any CPU
		{CC2528B8-2964-4145-BF72-1E1A591C1CC0}.AppStore|x86.ActiveCfg = Release|Any CPU
		{CC2528B8-2964-4145-BF72-1E1A591C1CC0}.AppStore|x86.Build.0 = Release|Any CPU
		{CC2528B8-2964-4145-BF72-1E1A591C1CC0}.Debug|Any CPU.ActiveCfg = Debug|Any CPU
		{CC2528B8-2964-4145-BF72-1E1A591C1CC0}.Debug|Any CPU.Build.0 = Debug|Any CPU
		{CC2528B8-2964-4145-BF72-1E1A591C1CC0}.Debug|ARM.ActiveCfg = Debug|Any CPU
		{CC2528B8-2964-4145-BF72-1E1A591C1CC0}.Debug|ARM.Build.0 = Debug|Any CPU
		{CC2528B8-2964-4145-BF72-1E1A591C1CC0}.Debug|iPhone.ActiveCfg = Debug|Any CPU
		{CC2528B8-2964-4145-BF72-1E1A591C1CC0}.Debug|iPhone.Build.0 = Debug|Any CPU
		{CC2528B8-2964-4145-BF72-1E1A591C1CC0}.Debug|iPhoneSimulator.ActiveCfg = Debug|Any CPU
		{CC2528B8-2964-4145-BF72-1E1A591C1CC0}.Debug|iPhoneSimulator.Build.0 = Debug|Any CPU
		{CC2528B8-2964-4145-BF72-1E1A591C1CC0}.Debug|x64.ActiveCfg = Debug|Any CPU
		{CC2528B8-2964-4145-BF72-1E1A591C1CC0}.Debug|x64.Build.0 = Debug|Any CPU
		{CC2528B8-2964-4145-BF72-1E1A591C1CC0}.Debug|x86.ActiveCfg = Debug|Any CPU
		{CC2528B8-2964-4145-BF72-1E1A591C1CC0}.Debug|x86.Build.0 = Debug|Any CPU
		{CC2528B8-2964-4145-BF72-1E1A591C1CC0}.Release|Any CPU.ActiveCfg = Release|Any CPU
		{CC2528B8-2964-4145-BF72-1E1A591C1CC0}.Release|Any CPU.Build.0 = Release|Any CPU
		{CC2528B8-2964-4145-BF72-1E1A591C1CC0}.Release|ARM.ActiveCfg = Release|Any CPU
		{CC2528B8-2964-4145-BF72-1E1A591C1CC0}.Release|ARM.Build.0 = Release|Any CPU
		{CC2528B8-2964-4145-BF72-1E1A591C1CC0}.Release|iPhone.ActiveCfg = Release|Any CPU
		{CC2528B8-2964-4145-BF72-1E1A591C1CC0}.Release|iPhone.Build.0 = Release|Any CPU
		{CC2528B8-2964-4145-BF72-1E1A591C1CC0}.Release|iPhoneSimulator.ActiveCfg = Release|Any CPU
		{CC2528B8-2964-4145-BF72-1E1A591C1CC0}.Release|iPhoneSimulator.Build.0 = Release|Any CPU
		{CC2528B8-2964-4145-BF72-1E1A591C1CC0}.Release|x64.ActiveCfg = Release|Any CPU
		{CC2528B8-2964-4145-BF72-1E1A591C1CC0}.Release|x64.Build.0 = Release|Any CPU
		{CC2528B8-2964-4145-BF72-1E1A591C1CC0}.Release|x86.ActiveCfg = Release|Any CPU
		{CC2528B8-2964-4145-BF72-1E1A591C1CC0}.Release|x86.Build.0 = Release|Any CPU
		{89F70D22-EC13-40D0-A0DD-D8B09577A0B8}.Ad-Hoc|Any CPU.ActiveCfg = Debug|Any CPU
		{89F70D22-EC13-40D0-A0DD-D8B09577A0B8}.Ad-Hoc|Any CPU.Build.0 = Debug|Any CPU
		{89F70D22-EC13-40D0-A0DD-D8B09577A0B8}.Ad-Hoc|ARM.ActiveCfg = Debug|Any CPU
		{89F70D22-EC13-40D0-A0DD-D8B09577A0B8}.Ad-Hoc|ARM.Build.0 = Debug|Any CPU
		{89F70D22-EC13-40D0-A0DD-D8B09577A0B8}.Ad-Hoc|iPhone.ActiveCfg = Debug|Any CPU
		{89F70D22-EC13-40D0-A0DD-D8B09577A0B8}.Ad-Hoc|iPhone.Build.0 = Debug|Any CPU
		{89F70D22-EC13-40D0-A0DD-D8B09577A0B8}.Ad-Hoc|iPhoneSimulator.ActiveCfg = Debug|Any CPU
		{89F70D22-EC13-40D0-A0DD-D8B09577A0B8}.Ad-Hoc|iPhoneSimulator.Build.0 = Debug|Any CPU
		{89F70D22-EC13-40D0-A0DD-D8B09577A0B8}.Ad-Hoc|x64.ActiveCfg = Debug|Any CPU
		{89F70D22-EC13-40D0-A0DD-D8B09577A0B8}.Ad-Hoc|x64.Build.0 = Debug|Any CPU
		{89F70D22-EC13-40D0-A0DD-D8B09577A0B8}.Ad-Hoc|x86.ActiveCfg = Debug|Any CPU
		{89F70D22-EC13-40D0-A0DD-D8B09577A0B8}.Ad-Hoc|x86.Build.0 = Debug|Any CPU
		{89F70D22-EC13-40D0-A0DD-D8B09577A0B8}.AppStore|Any CPU.ActiveCfg = Debug|Any CPU
		{89F70D22-EC13-40D0-A0DD-D8B09577A0B8}.AppStore|Any CPU.Build.0 = Debug|Any CPU
		{89F70D22-EC13-40D0-A0DD-D8B09577A0B8}.AppStore|ARM.ActiveCfg = Debug|Any CPU
		{89F70D22-EC13-40D0-A0DD-D8B09577A0B8}.AppStore|ARM.Build.0 = Debug|Any CPU
		{89F70D22-EC13-40D0-A0DD-D8B09577A0B8}.AppStore|iPhone.ActiveCfg = Debug|Any CPU
		{89F70D22-EC13-40D0-A0DD-D8B09577A0B8}.AppStore|iPhone.Build.0 = Debug|Any CPU
		{89F70D22-EC13-40D0-A0DD-D8B09577A0B8}.AppStore|iPhoneSimulator.ActiveCfg = Debug|Any CPU
		{89F70D22-EC13-40D0-A0DD-D8B09577A0B8}.AppStore|iPhoneSimulator.Build.0 = Debug|Any CPU
		{89F70D22-EC13-40D0-A0DD-D8B09577A0B8}.AppStore|x64.ActiveCfg = Debug|Any CPU
		{89F70D22-EC13-40D0-A0DD-D8B09577A0B8}.AppStore|x64.Build.0 = Debug|Any CPU
		{89F70D22-EC13-40D0-A0DD-D8B09577A0B8}.AppStore|x86.ActiveCfg = Debug|Any CPU
		{89F70D22-EC13-40D0-A0DD-D8B09577A0B8}.AppStore|x86.Build.0 = Debug|Any CPU
		{89F70D22-EC13-40D0-A0DD-D8B09577A0B8}.Debug|Any CPU.ActiveCfg = Debug|Any CPU
		{89F70D22-EC13-40D0-A0DD-D8B09577A0B8}.Debug|Any CPU.Build.0 = Debug|Any CPU
		{89F70D22-EC13-40D0-A0DD-D8B09577A0B8}.Debug|ARM.ActiveCfg = Debug|Any CPU
		{89F70D22-EC13-40D0-A0DD-D8B09577A0B8}.Debug|ARM.Build.0 = Debug|Any CPU
		{89F70D22-EC13-40D0-A0DD-D8B09577A0B8}.Debug|iPhone.ActiveCfg = Debug|Any CPU
		{89F70D22-EC13-40D0-A0DD-D8B09577A0B8}.Debug|iPhone.Build.0 = Debug|Any CPU
		{89F70D22-EC13-40D0-A0DD-D8B09577A0B8}.Debug|iPhoneSimulator.ActiveCfg = Debug|Any CPU
		{89F70D22-EC13-40D0-A0DD-D8B09577A0B8}.Debug|iPhoneSimulator.Build.0 = Debug|Any CPU
		{89F70D22-EC13-40D0-A0DD-D8B09577A0B8}.Debug|x64.ActiveCfg = Debug|Any CPU
		{89F70D22-EC13-40D0-A0DD-D8B09577A0B8}.Debug|x64.Build.0 = Debug|Any CPU
		{89F70D22-EC13-40D0-A0DD-D8B09577A0B8}.Debug|x86.ActiveCfg = Debug|Any CPU
		{89F70D22-EC13-40D0-A0DD-D8B09577A0B8}.Debug|x86.Build.0 = Debug|Any CPU
		{89F70D22-EC13-40D0-A0DD-D8B09577A0B8}.Release|Any CPU.ActiveCfg = Release|Any CPU
		{89F70D22-EC13-40D0-A0DD-D8B09577A0B8}.Release|Any CPU.Build.0 = Release|Any CPU
		{89F70D22-EC13-40D0-A0DD-D8B09577A0B8}.Release|ARM.ActiveCfg = Release|Any CPU
		{89F70D22-EC13-40D0-A0DD-D8B09577A0B8}.Release|ARM.Build.0 = Release|Any CPU
		{89F70D22-EC13-40D0-A0DD-D8B09577A0B8}.Release|iPhone.ActiveCfg = Release|Any CPU
		{89F70D22-EC13-40D0-A0DD-D8B09577A0B8}.Release|iPhone.Build.0 = Release|Any CPU
		{89F70D22-EC13-40D0-A0DD-D8B09577A0B8}.Release|iPhoneSimulator.ActiveCfg = Release|Any CPU
		{89F70D22-EC13-40D0-A0DD-D8B09577A0B8}.Release|iPhoneSimulator.Build.0 = Release|Any CPU
		{89F70D22-EC13-40D0-A0DD-D8B09577A0B8}.Release|x64.ActiveCfg = Release|Any CPU
		{89F70D22-EC13-40D0-A0DD-D8B09577A0B8}.Release|x64.Build.0 = Release|Any CPU
		{89F70D22-EC13-40D0-A0DD-D8B09577A0B8}.Release|x86.ActiveCfg = Release|Any CPU
		{89F70D22-EC13-40D0-A0DD-D8B09577A0B8}.Release|x86.Build.0 = Release|Any CPU
		{8C3CEDB1-4BB0-4FF7-B4BE-A88F61B38E9A}.Ad-Hoc|Any CPU.ActiveCfg = Debug|Any CPU
		{8C3CEDB1-4BB0-4FF7-B4BE-A88F61B38E9A}.Ad-Hoc|Any CPU.Build.0 = Debug|Any CPU
		{8C3CEDB1-4BB0-4FF7-B4BE-A88F61B38E9A}.Ad-Hoc|ARM.ActiveCfg = Debug|Any CPU
		{8C3CEDB1-4BB0-4FF7-B4BE-A88F61B38E9A}.Ad-Hoc|ARM.Build.0 = Debug|Any CPU
		{8C3CEDB1-4BB0-4FF7-B4BE-A88F61B38E9A}.Ad-Hoc|iPhone.ActiveCfg = Debug|Any CPU
		{8C3CEDB1-4BB0-4FF7-B4BE-A88F61B38E9A}.Ad-Hoc|iPhone.Build.0 = Debug|Any CPU
		{8C3CEDB1-4BB0-4FF7-B4BE-A88F61B38E9A}.Ad-Hoc|iPhoneSimulator.ActiveCfg = Debug|Any CPU
		{8C3CEDB1-4BB0-4FF7-B4BE-A88F61B38E9A}.Ad-Hoc|iPhoneSimulator.Build.0 = Debug|Any CPU
		{8C3CEDB1-4BB0-4FF7-B4BE-A88F61B38E9A}.Ad-Hoc|x64.ActiveCfg = Debug|Any CPU
		{8C3CEDB1-4BB0-4FF7-B4BE-A88F61B38E9A}.Ad-Hoc|x64.Build.0 = Debug|Any CPU
		{8C3CEDB1-4BB0-4FF7-B4BE-A88F61B38E9A}.Ad-Hoc|x86.ActiveCfg = Debug|Any CPU
		{8C3CEDB1-4BB0-4FF7-B4BE-A88F61B38E9A}.Ad-Hoc|x86.Build.0 = Debug|Any CPU
		{8C3CEDB1-4BB0-4FF7-B4BE-A88F61B38E9A}.AppStore|Any CPU.ActiveCfg = Debug|Any CPU
		{8C3CEDB1-4BB0-4FF7-B4BE-A88F61B38E9A}.AppStore|Any CPU.Build.0 = Debug|Any CPU
		{8C3CEDB1-4BB0-4FF7-B4BE-A88F61B38E9A}.AppStore|ARM.ActiveCfg = Debug|Any CPU
		{8C3CEDB1-4BB0-4FF7-B4BE-A88F61B38E9A}.AppStore|ARM.Build.0 = Debug|Any CPU
		{8C3CEDB1-4BB0-4FF7-B4BE-A88F61B38E9A}.AppStore|iPhone.ActiveCfg = Debug|Any CPU
		{8C3CEDB1-4BB0-4FF7-B4BE-A88F61B38E9A}.AppStore|iPhone.Build.0 = Debug|Any CPU
		{8C3CEDB1-4BB0-4FF7-B4BE-A88F61B38E9A}.AppStore|iPhoneSimulator.ActiveCfg = Debug|Any CPU
		{8C3CEDB1-4BB0-4FF7-B4BE-A88F61B38E9A}.AppStore|iPhoneSimulator.Build.0 = Debug|Any CPU
		{8C3CEDB1-4BB0-4FF7-B4BE-A88F61B38E9A}.AppStore|x64.ActiveCfg = Debug|Any CPU
		{8C3CEDB1-4BB0-4FF7-B4BE-A88F61B38E9A}.AppStore|x64.Build.0 = Debug|Any CPU
		{8C3CEDB1-4BB0-4FF7-B4BE-A88F61B38E9A}.AppStore|x86.ActiveCfg = Debug|Any CPU
		{8C3CEDB1-4BB0-4FF7-B4BE-A88F61B38E9A}.AppStore|x86.Build.0 = Debug|Any CPU
		{8C3CEDB1-4BB0-4FF7-B4BE-A88F61B38E9A}.Debug|Any CPU.ActiveCfg = Debug|Any CPU
		{8C3CEDB1-4BB0-4FF7-B4BE-A88F61B38E9A}.Debug|Any CPU.Build.0 = Debug|Any CPU
		{8C3CEDB1-4BB0-4FF7-B4BE-A88F61B38E9A}.Debug|ARM.ActiveCfg = Debug|Any CPU
		{8C3CEDB1-4BB0-4FF7-B4BE-A88F61B38E9A}.Debug|ARM.Build.0 = Debug|Any CPU
		{8C3CEDB1-4BB0-4FF7-B4BE-A88F61B38E9A}.Debug|iPhone.ActiveCfg = Debug|Any CPU
		{8C3CEDB1-4BB0-4FF7-B4BE-A88F61B38E9A}.Debug|iPhone.Build.0 = Debug|Any CPU
		{8C3CEDB1-4BB0-4FF7-B4BE-A88F61B38E9A}.Debug|iPhoneSimulator.ActiveCfg = Debug|Any CPU
		{8C3CEDB1-4BB0-4FF7-B4BE-A88F61B38E9A}.Debug|iPhoneSimulator.Build.0 = Debug|Any CPU
		{8C3CEDB1-4BB0-4FF7-B4BE-A88F61B38E9A}.Debug|x64.ActiveCfg = Debug|Any CPU
		{8C3CEDB1-4BB0-4FF7-B4BE-A88F61B38E9A}.Debug|x64.Build.0 = Debug|Any CPU
		{8C3CEDB1-4BB0-4FF7-B4BE-A88F61B38E9A}.Debug|x86.ActiveCfg = Debug|Any CPU
		{8C3CEDB1-4BB0-4FF7-B4BE-A88F61B38E9A}.Debug|x86.Build.0 = Debug|Any CPU
		{8C3CEDB1-4BB0-4FF7-B4BE-A88F61B38E9A}.Release|Any CPU.ActiveCfg = Release|Any CPU
		{8C3CEDB1-4BB0-4FF7-B4BE-A88F61B38E9A}.Release|Any CPU.Build.0 = Release|Any CPU
		{8C3CEDB1-4BB0-4FF7-B4BE-A88F61B38E9A}.Release|ARM.ActiveCfg = Release|Any CPU
		{8C3CEDB1-4BB0-4FF7-B4BE-A88F61B38E9A}.Release|ARM.Build.0 = Release|Any CPU
		{8C3CEDB1-4BB0-4FF7-B4BE-A88F61B38E9A}.Release|iPhone.ActiveCfg = Release|Any CPU
		{8C3CEDB1-4BB0-4FF7-B4BE-A88F61B38E9A}.Release|iPhone.Build.0 = Release|Any CPU
		{8C3CEDB1-4BB0-4FF7-B4BE-A88F61B38E9A}.Release|iPhoneSimulator.ActiveCfg = Release|Any CPU
		{8C3CEDB1-4BB0-4FF7-B4BE-A88F61B38E9A}.Release|iPhoneSimulator.Build.0 = Release|Any CPU
		{8C3CEDB1-4BB0-4FF7-B4BE-A88F61B38E9A}.Release|x64.ActiveCfg = Release|Any CPU
		{8C3CEDB1-4BB0-4FF7-B4BE-A88F61B38E9A}.Release|x64.Build.0 = Release|Any CPU
		{8C3CEDB1-4BB0-4FF7-B4BE-A88F61B38E9A}.Release|x86.ActiveCfg = Release|Any CPU
		{8C3CEDB1-4BB0-4FF7-B4BE-A88F61B38E9A}.Release|x86.Build.0 = Release|Any CPU
		{820B25AD-1845-4CF5-824C-9B552EC86A45}.Ad-Hoc|Any CPU.ActiveCfg = Release|Any CPU
		{820B25AD-1845-4CF5-824C-9B552EC86A45}.Ad-Hoc|Any CPU.Build.0 = Release|Any CPU
		{820B25AD-1845-4CF5-824C-9B552EC86A45}.Ad-Hoc|ARM.ActiveCfg = Release|Any CPU
		{820B25AD-1845-4CF5-824C-9B552EC86A45}.Ad-Hoc|ARM.Build.0 = Release|Any CPU
		{820B25AD-1845-4CF5-824C-9B552EC86A45}.Ad-Hoc|iPhone.ActiveCfg = Release|Any CPU
		{820B25AD-1845-4CF5-824C-9B552EC86A45}.Ad-Hoc|iPhone.Build.0 = Release|Any CPU
		{820B25AD-1845-4CF5-824C-9B552EC86A45}.Ad-Hoc|iPhoneSimulator.ActiveCfg = Release|Any CPU
		{820B25AD-1845-4CF5-824C-9B552EC86A45}.Ad-Hoc|iPhoneSimulator.Build.0 = Release|Any CPU
		{820B25AD-1845-4CF5-824C-9B552EC86A45}.Ad-Hoc|x64.ActiveCfg = Release|Any CPU
		{820B25AD-1845-4CF5-824C-9B552EC86A45}.Ad-Hoc|x64.Build.0 = Release|Any CPU
		{820B25AD-1845-4CF5-824C-9B552EC86A45}.Ad-Hoc|x86.ActiveCfg = Release|Any CPU
		{820B25AD-1845-4CF5-824C-9B552EC86A45}.Ad-Hoc|x86.Build.0 = Release|Any CPU
		{820B25AD-1845-4CF5-824C-9B552EC86A45}.AppStore|Any CPU.ActiveCfg = Release|Any CPU
		{820B25AD-1845-4CF5-824C-9B552EC86A45}.AppStore|Any CPU.Build.0 = Release|Any CPU
		{820B25AD-1845-4CF5-824C-9B552EC86A45}.AppStore|ARM.ActiveCfg = Release|Any CPU
		{820B25AD-1845-4CF5-824C-9B552EC86A45}.AppStore|ARM.Build.0 = Release|Any CPU
		{820B25AD-1845-4CF5-824C-9B552EC86A45}.AppStore|iPhone.ActiveCfg = Release|Any CPU
		{820B25AD-1845-4CF5-824C-9B552EC86A45}.AppStore|iPhone.Build.0 = Release|Any CPU
		{820B25AD-1845-4CF5-824C-9B552EC86A45}.AppStore|iPhoneSimulator.ActiveCfg = Release|Any CPU
		{820B25AD-1845-4CF5-824C-9B552EC86A45}.AppStore|iPhoneSimulator.Build.0 = Release|Any CPU
		{820B25AD-1845-4CF5-824C-9B552EC86A45}.AppStore|x64.ActiveCfg = Release|Any CPU
		{820B25AD-1845-4CF5-824C-9B552EC86A45}.AppStore|x64.Build.0 = Release|Any CPU
		{820B25AD-1845-4CF5-824C-9B552EC86A45}.AppStore|x86.ActiveCfg = Release|Any CPU
		{820B25AD-1845-4CF5-824C-9B552EC86A45}.AppStore|x86.Build.0 = Release|Any CPU
		{820B25AD-1845-4CF5-824C-9B552EC86A45}.Debug|Any CPU.ActiveCfg = Debug|Any CPU
		{820B25AD-1845-4CF5-824C-9B552EC86A45}.Debug|Any CPU.Build.0 = Debug|Any CPU
		{820B25AD-1845-4CF5-824C-9B552EC86A45}.Debug|ARM.ActiveCfg = Debug|Any CPU
		{820B25AD-1845-4CF5-824C-9B552EC86A45}.Debug|ARM.Build.0 = Debug|Any CPU
		{820B25AD-1845-4CF5-824C-9B552EC86A45}.Debug|iPhone.ActiveCfg = Debug|Any CPU
		{820B25AD-1845-4CF5-824C-9B552EC86A45}.Debug|iPhone.Build.0 = Debug|Any CPU
		{820B25AD-1845-4CF5-824C-9B552EC86A45}.Debug|iPhoneSimulator.ActiveCfg = Debug|Any CPU
		{820B25AD-1845-4CF5-824C-9B552EC86A45}.Debug|iPhoneSimulator.Build.0 = Debug|Any CPU
		{820B25AD-1845-4CF5-824C-9B552EC86A45}.Debug|x64.ActiveCfg = Debug|Any CPU
		{820B25AD-1845-4CF5-824C-9B552EC86A45}.Debug|x64.Build.0 = Debug|Any CPU
		{820B25AD-1845-4CF5-824C-9B552EC86A45}.Debug|x86.ActiveCfg = Debug|Any CPU
		{820B25AD-1845-4CF5-824C-9B552EC86A45}.Debug|x86.Build.0 = Debug|Any CPU
		{820B25AD-1845-4CF5-824C-9B552EC86A45}.Release|Any CPU.ActiveCfg = Release|Any CPU
		{820B25AD-1845-4CF5-824C-9B552EC86A45}.Release|Any CPU.Build.0 = Release|Any CPU
		{820B25AD-1845-4CF5-824C-9B552EC86A45}.Release|ARM.ActiveCfg = Release|Any CPU
		{820B25AD-1845-4CF5-824C-9B552EC86A45}.Release|ARM.Build.0 = Release|Any CPU
		{820B25AD-1845-4CF5-824C-9B552EC86A45}.Release|iPhone.ActiveCfg = Release|Any CPU
		{820B25AD-1845-4CF5-824C-9B552EC86A45}.Release|iPhone.Build.0 = Release|Any CPU
		{820B25AD-1845-4CF5-824C-9B552EC86A45}.Release|iPhoneSimulator.ActiveCfg = Release|Any CPU
		{820B25AD-1845-4CF5-824C-9B552EC86A45}.Release|iPhoneSimulator.Build.0 = Release|Any CPU
		{820B25AD-1845-4CF5-824C-9B552EC86A45}.Release|x64.ActiveCfg = Release|Any CPU
		{820B25AD-1845-4CF5-824C-9B552EC86A45}.Release|x64.Build.0 = Release|Any CPU
		{820B25AD-1845-4CF5-824C-9B552EC86A45}.Release|x86.ActiveCfg = Release|Any CPU
		{820B25AD-1845-4CF5-824C-9B552EC86A45}.Release|x86.Build.0 = Release|Any CPU
		{13253032-2924-40E9-8531-5D778AC6F033}.Ad-Hoc|Any CPU.ActiveCfg = Debug|Any CPU
		{13253032-2924-40E9-8531-5D778AC6F033}.Ad-Hoc|Any CPU.Build.0 = Debug|Any CPU
		{13253032-2924-40E9-8531-5D778AC6F033}.Ad-Hoc|ARM.ActiveCfg = Debug|Any CPU
		{13253032-2924-40E9-8531-5D778AC6F033}.Ad-Hoc|ARM.Build.0 = Debug|Any CPU
		{13253032-2924-40E9-8531-5D778AC6F033}.Ad-Hoc|iPhone.ActiveCfg = Debug|Any CPU
		{13253032-2924-40E9-8531-5D778AC6F033}.Ad-Hoc|iPhone.Build.0 = Debug|Any CPU
		{13253032-2924-40E9-8531-5D778AC6F033}.Ad-Hoc|iPhoneSimulator.ActiveCfg = Debug|Any CPU
		{13253032-2924-40E9-8531-5D778AC6F033}.Ad-Hoc|iPhoneSimulator.Build.0 = Debug|Any CPU
		{13253032-2924-40E9-8531-5D778AC6F033}.Ad-Hoc|x64.ActiveCfg = Debug|Any CPU
		{13253032-2924-40E9-8531-5D778AC6F033}.Ad-Hoc|x64.Build.0 = Debug|Any CPU
		{13253032-2924-40E9-8531-5D778AC6F033}.Ad-Hoc|x86.ActiveCfg = Debug|Any CPU
		{13253032-2924-40E9-8531-5D778AC6F033}.Ad-Hoc|x86.Build.0 = Debug|Any CPU
		{13253032-2924-40E9-8531-5D778AC6F033}.AppStore|Any CPU.ActiveCfg = Debug|Any CPU
		{13253032-2924-40E9-8531-5D778AC6F033}.AppStore|Any CPU.Build.0 = Debug|Any CPU
		{13253032-2924-40E9-8531-5D778AC6F033}.AppStore|ARM.ActiveCfg = Debug|Any CPU
		{13253032-2924-40E9-8531-5D778AC6F033}.AppStore|ARM.Build.0 = Debug|Any CPU
		{13253032-2924-40E9-8531-5D778AC6F033}.AppStore|iPhone.ActiveCfg = Debug|Any CPU
		{13253032-2924-40E9-8531-5D778AC6F033}.AppStore|iPhone.Build.0 = Debug|Any CPU
		{13253032-2924-40E9-8531-5D778AC6F033}.AppStore|iPhoneSimulator.ActiveCfg = Debug|Any CPU
		{13253032-2924-40E9-8531-5D778AC6F033}.AppStore|iPhoneSimulator.Build.0 = Debug|Any CPU
		{13253032-2924-40E9-8531-5D778AC6F033}.AppStore|x64.ActiveCfg = Debug|Any CPU
		{13253032-2924-40E9-8531-5D778AC6F033}.AppStore|x64.Build.0 = Debug|Any CPU
		{13253032-2924-40E9-8531-5D778AC6F033}.AppStore|x86.ActiveCfg = Debug|Any CPU
		{13253032-2924-40E9-8531-5D778AC6F033}.AppStore|x86.Build.0 = Debug|Any CPU
		{13253032-2924-40E9-8531-5D778AC6F033}.Debug|Any CPU.ActiveCfg = Debug|Any CPU
		{13253032-2924-40E9-8531-5D778AC6F033}.Debug|Any CPU.Build.0 = Debug|Any CPU
		{13253032-2924-40E9-8531-5D778AC6F033}.Debug|ARM.ActiveCfg = Debug|Any CPU
		{13253032-2924-40E9-8531-5D778AC6F033}.Debug|ARM.Build.0 = Debug|Any CPU
		{13253032-2924-40E9-8531-5D778AC6F033}.Debug|iPhone.ActiveCfg = Debug|Any CPU
		{13253032-2924-40E9-8531-5D778AC6F033}.Debug|iPhone.Build.0 = Debug|Any CPU
		{13253032-2924-40E9-8531-5D778AC6F033}.Debug|iPhoneSimulator.ActiveCfg = Debug|Any CPU
		{13253032-2924-40E9-8531-5D778AC6F033}.Debug|iPhoneSimulator.Build.0 = Debug|Any CPU
		{13253032-2924-40E9-8531-5D778AC6F033}.Debug|x64.ActiveCfg = Debug|Any CPU
		{13253032-2924-40E9-8531-5D778AC6F033}.Debug|x64.Build.0 = Debug|Any CPU
		{13253032-2924-40E9-8531-5D778AC6F033}.Debug|x86.ActiveCfg = Debug|Any CPU
		{13253032-2924-40E9-8531-5D778AC6F033}.Debug|x86.Build.0 = Debug|Any CPU
		{13253032-2924-40E9-8531-5D778AC6F033}.Release|Any CPU.ActiveCfg = Release|Any CPU
		{13253032-2924-40E9-8531-5D778AC6F033}.Release|Any CPU.Build.0 = Release|Any CPU
		{13253032-2924-40E9-8531-5D778AC6F033}.Release|ARM.ActiveCfg = Release|Any CPU
		{13253032-2924-40E9-8531-5D778AC6F033}.Release|ARM.Build.0 = Release|Any CPU
		{13253032-2924-40E9-8531-5D778AC6F033}.Release|iPhone.ActiveCfg = Release|Any CPU
		{13253032-2924-40E9-8531-5D778AC6F033}.Release|iPhone.Build.0 = Release|Any CPU
		{13253032-2924-40E9-8531-5D778AC6F033}.Release|iPhoneSimulator.ActiveCfg = Release|Any CPU
		{13253032-2924-40E9-8531-5D778AC6F033}.Release|iPhoneSimulator.Build.0 = Release|Any CPU
		{13253032-2924-40E9-8531-5D778AC6F033}.Release|x64.ActiveCfg = Release|Any CPU
		{13253032-2924-40E9-8531-5D778AC6F033}.Release|x64.Build.0 = Release|Any CPU
		{13253032-2924-40E9-8531-5D778AC6F033}.Release|x86.ActiveCfg = Release|Any CPU
		{13253032-2924-40E9-8531-5D778AC6F033}.Release|x86.Build.0 = Release|Any CPU
		{B78F2F30-680D-4968-A655-BAA42040487E}.Ad-Hoc|Any CPU.ActiveCfg = Release|Any CPU
		{B78F2F30-680D-4968-A655-BAA42040487E}.Ad-Hoc|Any CPU.Build.0 = Release|Any CPU
		{B78F2F30-680D-4968-A655-BAA42040487E}.Ad-Hoc|ARM.ActiveCfg = Release|Any CPU
		{B78F2F30-680D-4968-A655-BAA42040487E}.Ad-Hoc|ARM.Build.0 = Release|Any CPU
		{B78F2F30-680D-4968-A655-BAA42040487E}.Ad-Hoc|iPhone.ActiveCfg = Release|Any CPU
		{B78F2F30-680D-4968-A655-BAA42040487E}.Ad-Hoc|iPhone.Build.0 = Release|Any CPU
		{B78F2F30-680D-4968-A655-BAA42040487E}.Ad-Hoc|iPhoneSimulator.ActiveCfg = Release|Any CPU
		{B78F2F30-680D-4968-A655-BAA42040487E}.Ad-Hoc|iPhoneSimulator.Build.0 = Release|Any CPU
		{B78F2F30-680D-4968-A655-BAA42040487E}.Ad-Hoc|x64.ActiveCfg = Release|Any CPU
		{B78F2F30-680D-4968-A655-BAA42040487E}.Ad-Hoc|x64.Build.0 = Release|Any CPU
		{B78F2F30-680D-4968-A655-BAA42040487E}.Ad-Hoc|x86.ActiveCfg = Release|Any CPU
		{B78F2F30-680D-4968-A655-BAA42040487E}.Ad-Hoc|x86.Build.0 = Release|Any CPU
		{B78F2F30-680D-4968-A655-BAA42040487E}.AppStore|Any CPU.ActiveCfg = Release|Any CPU
		{B78F2F30-680D-4968-A655-BAA42040487E}.AppStore|Any CPU.Build.0 = Release|Any CPU
		{B78F2F30-680D-4968-A655-BAA42040487E}.AppStore|ARM.ActiveCfg = Release|Any CPU
		{B78F2F30-680D-4968-A655-BAA42040487E}.AppStore|ARM.Build.0 = Release|Any CPU
		{B78F2F30-680D-4968-A655-BAA42040487E}.AppStore|iPhone.ActiveCfg = Release|Any CPU
		{B78F2F30-680D-4968-A655-BAA42040487E}.AppStore|iPhone.Build.0 = Release|Any CPU
		{B78F2F30-680D-4968-A655-BAA42040487E}.AppStore|iPhoneSimulator.ActiveCfg = Release|Any CPU
		{B78F2F30-680D-4968-A655-BAA42040487E}.AppStore|iPhoneSimulator.Build.0 = Release|Any CPU
		{B78F2F30-680D-4968-A655-BAA42040487E}.AppStore|x64.ActiveCfg = Release|Any CPU
		{B78F2F30-680D-4968-A655-BAA42040487E}.AppStore|x64.Build.0 = Release|Any CPU
		{B78F2F30-680D-4968-A655-BAA42040487E}.AppStore|x86.ActiveCfg = Release|Any CPU
		{B78F2F30-680D-4968-A655-BAA42040487E}.AppStore|x86.Build.0 = Release|Any CPU
		{B78F2F30-680D-4968-A655-BAA42040487E}.Debug|Any CPU.ActiveCfg = Debug|Any CPU
		{B78F2F30-680D-4968-A655-BAA42040487E}.Debug|Any CPU.Build.0 = Debug|Any CPU
		{B78F2F30-680D-4968-A655-BAA42040487E}.Debug|ARM.ActiveCfg = Debug|Any CPU
		{B78F2F30-680D-4968-A655-BAA42040487E}.Debug|ARM.Build.0 = Debug|Any CPU
		{B78F2F30-680D-4968-A655-BAA42040487E}.Debug|iPhone.ActiveCfg = Debug|Any CPU
		{B78F2F30-680D-4968-A655-BAA42040487E}.Debug|iPhone.Build.0 = Debug|Any CPU
		{B78F2F30-680D-4968-A655-BAA42040487E}.Debug|iPhoneSimulator.ActiveCfg = Debug|Any CPU
		{B78F2F30-680D-4968-A655-BAA42040487E}.Debug|iPhoneSimulator.Build.0 = Debug|Any CPU
		{B78F2F30-680D-4968-A655-BAA42040487E}.Debug|x64.ActiveCfg = Debug|Any CPU
		{B78F2F30-680D-4968-A655-BAA42040487E}.Debug|x64.Build.0 = Debug|Any CPU
		{B78F2F30-680D-4968-A655-BAA42040487E}.Debug|x86.ActiveCfg = Debug|Any CPU
		{B78F2F30-680D-4968-A655-BAA42040487E}.Debug|x86.Build.0 = Debug|Any CPU
		{B78F2F30-680D-4968-A655-BAA42040487E}.Release|Any CPU.ActiveCfg = Release|Any CPU
		{B78F2F30-680D-4968-A655-BAA42040487E}.Release|Any CPU.Build.0 = Release|Any CPU
		{B78F2F30-680D-4968-A655-BAA42040487E}.Release|ARM.ActiveCfg = Release|Any CPU
		{B78F2F30-680D-4968-A655-BAA42040487E}.Release|ARM.Build.0 = Release|Any CPU
		{B78F2F30-680D-4968-A655-BAA42040487E}.Release|iPhone.ActiveCfg = Release|Any CPU
		{B78F2F30-680D-4968-A655-BAA42040487E}.Release|iPhone.Build.0 = Release|Any CPU
		{B78F2F30-680D-4968-A655-BAA42040487E}.Release|iPhoneSimulator.ActiveCfg = Release|Any CPU
		{B78F2F30-680D-4968-A655-BAA42040487E}.Release|iPhoneSimulator.Build.0 = Release|Any CPU
		{B78F2F30-680D-4968-A655-BAA42040487E}.Release|x64.ActiveCfg = Release|Any CPU
		{B78F2F30-680D-4968-A655-BAA42040487E}.Release|x64.Build.0 = Release|Any CPU
		{B78F2F30-680D-4968-A655-BAA42040487E}.Release|x86.ActiveCfg = Release|Any CPU
		{B78F2F30-680D-4968-A655-BAA42040487E}.Release|x86.Build.0 = Release|Any CPU
		{9E91894D-FA02-4F02-A47C-8A68BA24D199}.Ad-Hoc|Any CPU.ActiveCfg = Release|Any CPU
		{9E91894D-FA02-4F02-A47C-8A68BA24D199}.Ad-Hoc|Any CPU.Build.0 = Release|Any CPU
		{9E91894D-FA02-4F02-A47C-8A68BA24D199}.Ad-Hoc|Any CPU.Deploy.0 = Release|Any CPU
		{9E91894D-FA02-4F02-A47C-8A68BA24D199}.Ad-Hoc|ARM.ActiveCfg = Release|Any CPU
		{9E91894D-FA02-4F02-A47C-8A68BA24D199}.Ad-Hoc|ARM.Build.0 = Release|Any CPU
		{9E91894D-FA02-4F02-A47C-8A68BA24D199}.Ad-Hoc|ARM.Deploy.0 = Release|Any CPU
		{9E91894D-FA02-4F02-A47C-8A68BA24D199}.Ad-Hoc|iPhone.ActiveCfg = Release|Any CPU
		{9E91894D-FA02-4F02-A47C-8A68BA24D199}.Ad-Hoc|iPhone.Build.0 = Release|Any CPU
		{9E91894D-FA02-4F02-A47C-8A68BA24D199}.Ad-Hoc|iPhone.Deploy.0 = Release|Any CPU
		{9E91894D-FA02-4F02-A47C-8A68BA24D199}.Ad-Hoc|iPhoneSimulator.ActiveCfg = Release|Any CPU
		{9E91894D-FA02-4F02-A47C-8A68BA24D199}.Ad-Hoc|iPhoneSimulator.Build.0 = Release|Any CPU
		{9E91894D-FA02-4F02-A47C-8A68BA24D199}.Ad-Hoc|iPhoneSimulator.Deploy.0 = Release|Any CPU
		{9E91894D-FA02-4F02-A47C-8A68BA24D199}.Ad-Hoc|x64.ActiveCfg = Release|Any CPU
		{9E91894D-FA02-4F02-A47C-8A68BA24D199}.Ad-Hoc|x64.Build.0 = Release|Any CPU
		{9E91894D-FA02-4F02-A47C-8A68BA24D199}.Ad-Hoc|x64.Deploy.0 = Release|Any CPU
		{9E91894D-FA02-4F02-A47C-8A68BA24D199}.Ad-Hoc|x86.ActiveCfg = Release|Any CPU
		{9E91894D-FA02-4F02-A47C-8A68BA24D199}.Ad-Hoc|x86.Build.0 = Release|Any CPU
		{9E91894D-FA02-4F02-A47C-8A68BA24D199}.Ad-Hoc|x86.Deploy.0 = Release|Any CPU
		{9E91894D-FA02-4F02-A47C-8A68BA24D199}.AppStore|Any CPU.ActiveCfg = Release|Any CPU
		{9E91894D-FA02-4F02-A47C-8A68BA24D199}.AppStore|Any CPU.Build.0 = Release|Any CPU
		{9E91894D-FA02-4F02-A47C-8A68BA24D199}.AppStore|Any CPU.Deploy.0 = Release|Any CPU
		{9E91894D-FA02-4F02-A47C-8A68BA24D199}.AppStore|ARM.ActiveCfg = Release|Any CPU
		{9E91894D-FA02-4F02-A47C-8A68BA24D199}.AppStore|ARM.Build.0 = Release|Any CPU
		{9E91894D-FA02-4F02-A47C-8A68BA24D199}.AppStore|ARM.Deploy.0 = Release|Any CPU
		{9E91894D-FA02-4F02-A47C-8A68BA24D199}.AppStore|iPhone.ActiveCfg = Release|Any CPU
		{9E91894D-FA02-4F02-A47C-8A68BA24D199}.AppStore|iPhone.Build.0 = Release|Any CPU
		{9E91894D-FA02-4F02-A47C-8A68BA24D199}.AppStore|iPhone.Deploy.0 = Release|Any CPU
		{9E91894D-FA02-4F02-A47C-8A68BA24D199}.AppStore|iPhoneSimulator.ActiveCfg = Release|Any CPU
		{9E91894D-FA02-4F02-A47C-8A68BA24D199}.AppStore|iPhoneSimulator.Build.0 = Release|Any CPU
		{9E91894D-FA02-4F02-A47C-8A68BA24D199}.AppStore|iPhoneSimulator.Deploy.0 = Release|Any CPU
		{9E91894D-FA02-4F02-A47C-8A68BA24D199}.AppStore|x64.ActiveCfg = Release|Any CPU
		{9E91894D-FA02-4F02-A47C-8A68BA24D199}.AppStore|x64.Build.0 = Release|Any CPU
		{9E91894D-FA02-4F02-A47C-8A68BA24D199}.AppStore|x64.Deploy.0 = Release|Any CPU
		{9E91894D-FA02-4F02-A47C-8A68BA24D199}.AppStore|x86.ActiveCfg = Release|Any CPU
		{9E91894D-FA02-4F02-A47C-8A68BA24D199}.AppStore|x86.Build.0 = Release|Any CPU
		{9E91894D-FA02-4F02-A47C-8A68BA24D199}.AppStore|x86.Deploy.0 = Release|Any CPU
		{9E91894D-FA02-4F02-A47C-8A68BA24D199}.Debug|Any CPU.ActiveCfg = Debug|Any CPU
		{9E91894D-FA02-4F02-A47C-8A68BA24D199}.Debug|Any CPU.Build.0 = Debug|Any CPU
		{9E91894D-FA02-4F02-A47C-8A68BA24D199}.Debug|Any CPU.Deploy.0 = Debug|Any CPU
		{9E91894D-FA02-4F02-A47C-8A68BA24D199}.Debug|ARM.ActiveCfg = Debug|Any CPU
		{9E91894D-FA02-4F02-A47C-8A68BA24D199}.Debug|ARM.Build.0 = Debug|Any CPU
		{9E91894D-FA02-4F02-A47C-8A68BA24D199}.Debug|ARM.Deploy.0 = Debug|Any CPU
		{9E91894D-FA02-4F02-A47C-8A68BA24D199}.Debug|iPhone.ActiveCfg = Debug|Any CPU
		{9E91894D-FA02-4F02-A47C-8A68BA24D199}.Debug|iPhone.Build.0 = Debug|Any CPU
		{9E91894D-FA02-4F02-A47C-8A68BA24D199}.Debug|iPhone.Deploy.0 = Debug|Any CPU
		{9E91894D-FA02-4F02-A47C-8A68BA24D199}.Debug|iPhoneSimulator.ActiveCfg = Debug|Any CPU
		{9E91894D-FA02-4F02-A47C-8A68BA24D199}.Debug|iPhoneSimulator.Build.0 = Debug|Any CPU
		{9E91894D-FA02-4F02-A47C-8A68BA24D199}.Debug|iPhoneSimulator.Deploy.0 = Debug|Any CPU
		{9E91894D-FA02-4F02-A47C-8A68BA24D199}.Debug|x64.ActiveCfg = Debug|Any CPU
		{9E91894D-FA02-4F02-A47C-8A68BA24D199}.Debug|x64.Build.0 = Debug|Any CPU
		{9E91894D-FA02-4F02-A47C-8A68BA24D199}.Debug|x64.Deploy.0 = Debug|Any CPU
		{9E91894D-FA02-4F02-A47C-8A68BA24D199}.Debug|x86.ActiveCfg = Debug|Any CPU
		{9E91894D-FA02-4F02-A47C-8A68BA24D199}.Debug|x86.Build.0 = Debug|Any CPU
		{9E91894D-FA02-4F02-A47C-8A68BA24D199}.Debug|x86.Deploy.0 = Debug|Any CPU
		{9E91894D-FA02-4F02-A47C-8A68BA24D199}.Release|Any CPU.ActiveCfg = Release|Any CPU
		{9E91894D-FA02-4F02-A47C-8A68BA24D199}.Release|Any CPU.Build.0 = Release|Any CPU
		{9E91894D-FA02-4F02-A47C-8A68BA24D199}.Release|Any CPU.Deploy.0 = Release|Any CPU
		{9E91894D-FA02-4F02-A47C-8A68BA24D199}.Release|ARM.ActiveCfg = Release|Any CPU
		{9E91894D-FA02-4F02-A47C-8A68BA24D199}.Release|ARM.Build.0 = Release|Any CPU
		{9E91894D-FA02-4F02-A47C-8A68BA24D199}.Release|ARM.Deploy.0 = Release|Any CPU
		{9E91894D-FA02-4F02-A47C-8A68BA24D199}.Release|iPhone.ActiveCfg = Release|Any CPU
		{9E91894D-FA02-4F02-A47C-8A68BA24D199}.Release|iPhone.Build.0 = Release|Any CPU
		{9E91894D-FA02-4F02-A47C-8A68BA24D199}.Release|iPhone.Deploy.0 = Release|Any CPU
		{9E91894D-FA02-4F02-A47C-8A68BA24D199}.Release|iPhoneSimulator.ActiveCfg = Release|Any CPU
		{9E91894D-FA02-4F02-A47C-8A68BA24D199}.Release|iPhoneSimulator.Build.0 = Release|Any CPU
		{9E91894D-FA02-4F02-A47C-8A68BA24D199}.Release|iPhoneSimulator.Deploy.0 = Release|Any CPU
		{9E91894D-FA02-4F02-A47C-8A68BA24D199}.Release|x64.ActiveCfg = Release|Any CPU
		{9E91894D-FA02-4F02-A47C-8A68BA24D199}.Release|x64.Build.0 = Release|Any CPU
		{9E91894D-FA02-4F02-A47C-8A68BA24D199}.Release|x64.Deploy.0 = Release|Any CPU
		{9E91894D-FA02-4F02-A47C-8A68BA24D199}.Release|x86.ActiveCfg = Release|Any CPU
		{9E91894D-FA02-4F02-A47C-8A68BA24D199}.Release|x86.Build.0 = Release|Any CPU
		{9E91894D-FA02-4F02-A47C-8A68BA24D199}.Release|x86.Deploy.0 = Release|Any CPU
		{6B5825AD-4FDA-41DB-9EAB-4B8312CFE600}.Ad-Hoc|Any CPU.ActiveCfg = Ad-Hoc|iPhone
		{6B5825AD-4FDA-41DB-9EAB-4B8312CFE600}.Ad-Hoc|ARM.ActiveCfg = Ad-Hoc|iPhone
		{6B5825AD-4FDA-41DB-9EAB-4B8312CFE600}.Ad-Hoc|iPhone.ActiveCfg = Ad-Hoc|iPhone
		{6B5825AD-4FDA-41DB-9EAB-4B8312CFE600}.Ad-Hoc|iPhone.Build.0 = Ad-Hoc|iPhone
		{6B5825AD-4FDA-41DB-9EAB-4B8312CFE600}.Ad-Hoc|iPhoneSimulator.ActiveCfg = Ad-Hoc|iPhoneSimulator
		{6B5825AD-4FDA-41DB-9EAB-4B8312CFE600}.Ad-Hoc|iPhoneSimulator.Build.0 = Ad-Hoc|iPhoneSimulator
		{6B5825AD-4FDA-41DB-9EAB-4B8312CFE600}.Ad-Hoc|x64.ActiveCfg = Ad-Hoc|iPhone
		{6B5825AD-4FDA-41DB-9EAB-4B8312CFE600}.Ad-Hoc|x86.ActiveCfg = Ad-Hoc|iPhone
		{6B5825AD-4FDA-41DB-9EAB-4B8312CFE600}.AppStore|Any CPU.ActiveCfg = AppStore|iPhone
		{6B5825AD-4FDA-41DB-9EAB-4B8312CFE600}.AppStore|ARM.ActiveCfg = AppStore|iPhone
		{6B5825AD-4FDA-41DB-9EAB-4B8312CFE600}.AppStore|iPhone.ActiveCfg = AppStore|iPhone
		{6B5825AD-4FDA-41DB-9EAB-4B8312CFE600}.AppStore|iPhone.Build.0 = AppStore|iPhone
		{6B5825AD-4FDA-41DB-9EAB-4B8312CFE600}.AppStore|iPhoneSimulator.ActiveCfg = AppStore|iPhoneSimulator
		{6B5825AD-4FDA-41DB-9EAB-4B8312CFE600}.AppStore|iPhoneSimulator.Build.0 = AppStore|iPhoneSimulator
		{6B5825AD-4FDA-41DB-9EAB-4B8312CFE600}.AppStore|x64.ActiveCfg = AppStore|iPhone
		{6B5825AD-4FDA-41DB-9EAB-4B8312CFE600}.AppStore|x86.ActiveCfg = AppStore|iPhone
		{6B5825AD-4FDA-41DB-9EAB-4B8312CFE600}.Debug|Any CPU.ActiveCfg = Debug|iPhone
		{6B5825AD-4FDA-41DB-9EAB-4B8312CFE600}.Debug|ARM.ActiveCfg = Debug|iPhone
		{6B5825AD-4FDA-41DB-9EAB-4B8312CFE600}.Debug|iPhone.ActiveCfg = Debug|iPhone
		{6B5825AD-4FDA-41DB-9EAB-4B8312CFE600}.Debug|iPhone.Build.0 = Debug|iPhone
		{6B5825AD-4FDA-41DB-9EAB-4B8312CFE600}.Debug|iPhoneSimulator.ActiveCfg = Debug|iPhoneSimulator
		{6B5825AD-4FDA-41DB-9EAB-4B8312CFE600}.Debug|iPhoneSimulator.Build.0 = Debug|iPhoneSimulator
		{6B5825AD-4FDA-41DB-9EAB-4B8312CFE600}.Debug|x64.ActiveCfg = Debug|iPhone
		{6B5825AD-4FDA-41DB-9EAB-4B8312CFE600}.Debug|x86.ActiveCfg = Debug|iPhone
		{6B5825AD-4FDA-41DB-9EAB-4B8312CFE600}.Release|Any CPU.ActiveCfg = Release|iPhone
		{6B5825AD-4FDA-41DB-9EAB-4B8312CFE600}.Release|ARM.ActiveCfg = Release|iPhone
		{6B5825AD-4FDA-41DB-9EAB-4B8312CFE600}.Release|iPhone.ActiveCfg = Release|iPhone
		{6B5825AD-4FDA-41DB-9EAB-4B8312CFE600}.Release|iPhone.Build.0 = Release|iPhone
		{6B5825AD-4FDA-41DB-9EAB-4B8312CFE600}.Release|iPhoneSimulator.ActiveCfg = Release|iPhoneSimulator
		{6B5825AD-4FDA-41DB-9EAB-4B8312CFE600}.Release|iPhoneSimulator.Build.0 = Release|iPhoneSimulator
		{6B5825AD-4FDA-41DB-9EAB-4B8312CFE600}.Release|x64.ActiveCfg = Release|iPhone
		{6B5825AD-4FDA-41DB-9EAB-4B8312CFE600}.Release|x86.ActiveCfg = Release|iPhone
		{84D5853B-2569-4696-AEA5-6D3EAC273704}.Ad-Hoc|Any CPU.ActiveCfg = Release|x86
		{84D5853B-2569-4696-AEA5-6D3EAC273704}.Ad-Hoc|Any CPU.Build.0 = Release|x86
		{84D5853B-2569-4696-AEA5-6D3EAC273704}.Ad-Hoc|Any CPU.Deploy.0 = Release|x86
		{84D5853B-2569-4696-AEA5-6D3EAC273704}.Ad-Hoc|ARM.ActiveCfg = Release|ARM
		{84D5853B-2569-4696-AEA5-6D3EAC273704}.Ad-Hoc|ARM.Build.0 = Release|ARM
		{84D5853B-2569-4696-AEA5-6D3EAC273704}.Ad-Hoc|ARM.Deploy.0 = Release|ARM
		{84D5853B-2569-4696-AEA5-6D3EAC273704}.Ad-Hoc|iPhone.ActiveCfg = Release|x86
		{84D5853B-2569-4696-AEA5-6D3EAC273704}.Ad-Hoc|iPhone.Build.0 = Release|x86
		{84D5853B-2569-4696-AEA5-6D3EAC273704}.Ad-Hoc|iPhone.Deploy.0 = Release|x86
		{84D5853B-2569-4696-AEA5-6D3EAC273704}.Ad-Hoc|iPhoneSimulator.ActiveCfg = Release|x86
		{84D5853B-2569-4696-AEA5-6D3EAC273704}.Ad-Hoc|iPhoneSimulator.Build.0 = Release|x86
		{84D5853B-2569-4696-AEA5-6D3EAC273704}.Ad-Hoc|iPhoneSimulator.Deploy.0 = Release|x86
		{84D5853B-2569-4696-AEA5-6D3EAC273704}.Ad-Hoc|x64.ActiveCfg = Release|x64
		{84D5853B-2569-4696-AEA5-6D3EAC273704}.Ad-Hoc|x64.Build.0 = Release|x64
		{84D5853B-2569-4696-AEA5-6D3EAC273704}.Ad-Hoc|x64.Deploy.0 = Release|x64
		{84D5853B-2569-4696-AEA5-6D3EAC273704}.Ad-Hoc|x86.ActiveCfg = Release|x86
		{84D5853B-2569-4696-AEA5-6D3EAC273704}.Ad-Hoc|x86.Build.0 = Release|x86
		{84D5853B-2569-4696-AEA5-6D3EAC273704}.Ad-Hoc|x86.Deploy.0 = Release|x86
		{84D5853B-2569-4696-AEA5-6D3EAC273704}.AppStore|Any CPU.ActiveCfg = Release|x86
		{84D5853B-2569-4696-AEA5-6D3EAC273704}.AppStore|Any CPU.Build.0 = Release|x86
		{84D5853B-2569-4696-AEA5-6D3EAC273704}.AppStore|Any CPU.Deploy.0 = Release|x86
		{84D5853B-2569-4696-AEA5-6D3EAC273704}.AppStore|ARM.ActiveCfg = Release|ARM
		{84D5853B-2569-4696-AEA5-6D3EAC273704}.AppStore|ARM.Build.0 = Release|ARM
		{84D5853B-2569-4696-AEA5-6D3EAC273704}.AppStore|ARM.Deploy.0 = Release|ARM
		{84D5853B-2569-4696-AEA5-6D3EAC273704}.AppStore|iPhone.ActiveCfg = Release|x86
		{84D5853B-2569-4696-AEA5-6D3EAC273704}.AppStore|iPhone.Build.0 = Release|x86
		{84D5853B-2569-4696-AEA5-6D3EAC273704}.AppStore|iPhone.Deploy.0 = Release|x86
		{84D5853B-2569-4696-AEA5-6D3EAC273704}.AppStore|iPhoneSimulator.ActiveCfg = Release|x86
		{84D5853B-2569-4696-AEA5-6D3EAC273704}.AppStore|iPhoneSimulator.Build.0 = Release|x86
		{84D5853B-2569-4696-AEA5-6D3EAC273704}.AppStore|iPhoneSimulator.Deploy.0 = Release|x86
		{84D5853B-2569-4696-AEA5-6D3EAC273704}.AppStore|x64.ActiveCfg = Release|x64
		{84D5853B-2569-4696-AEA5-6D3EAC273704}.AppStore|x64.Build.0 = Release|x64
		{84D5853B-2569-4696-AEA5-6D3EAC273704}.AppStore|x64.Deploy.0 = Release|x64
		{84D5853B-2569-4696-AEA5-6D3EAC273704}.AppStore|x86.ActiveCfg = Release|x86
		{84D5853B-2569-4696-AEA5-6D3EAC273704}.AppStore|x86.Build.0 = Release|x86
		{84D5853B-2569-4696-AEA5-6D3EAC273704}.AppStore|x86.Deploy.0 = Release|x86
		{84D5853B-2569-4696-AEA5-6D3EAC273704}.Debug|Any CPU.ActiveCfg = Debug|x86
		{84D5853B-2569-4696-AEA5-6D3EAC273704}.Debug|ARM.ActiveCfg = Debug|ARM
		{84D5853B-2569-4696-AEA5-6D3EAC273704}.Debug|ARM.Build.0 = Debug|ARM
		{84D5853B-2569-4696-AEA5-6D3EAC273704}.Debug|ARM.Deploy.0 = Debug|ARM
		{84D5853B-2569-4696-AEA5-6D3EAC273704}.Debug|iPhone.ActiveCfg = Debug|x86
		{84D5853B-2569-4696-AEA5-6D3EAC273704}.Debug|iPhoneSimulator.ActiveCfg = Debug|x86
		{84D5853B-2569-4696-AEA5-6D3EAC273704}.Debug|x64.ActiveCfg = Debug|x64
		{84D5853B-2569-4696-AEA5-6D3EAC273704}.Debug|x64.Build.0 = Debug|x64
		{84D5853B-2569-4696-AEA5-6D3EAC273704}.Debug|x64.Deploy.0 = Debug|x64
		{84D5853B-2569-4696-AEA5-6D3EAC273704}.Debug|x86.ActiveCfg = Debug|x86
		{84D5853B-2569-4696-AEA5-6D3EAC273704}.Debug|x86.Build.0 = Debug|x86
		{84D5853B-2569-4696-AEA5-6D3EAC273704}.Debug|x86.Deploy.0 = Debug|x86
		{84D5853B-2569-4696-AEA5-6D3EAC273704}.Release|Any CPU.ActiveCfg = Release|x86
		{84D5853B-2569-4696-AEA5-6D3EAC273704}.Release|ARM.ActiveCfg = Release|ARM
		{84D5853B-2569-4696-AEA5-6D3EAC273704}.Release|ARM.Build.0 = Release|ARM
		{84D5853B-2569-4696-AEA5-6D3EAC273704}.Release|ARM.Deploy.0 = Release|ARM
		{84D5853B-2569-4696-AEA5-6D3EAC273704}.Release|iPhone.ActiveCfg = Release|x86
		{84D5853B-2569-4696-AEA5-6D3EAC273704}.Release|iPhoneSimulator.ActiveCfg = Release|x86
		{84D5853B-2569-4696-AEA5-6D3EAC273704}.Release|x64.ActiveCfg = Release|x64
		{84D5853B-2569-4696-AEA5-6D3EAC273704}.Release|x64.Build.0 = Release|x64
		{84D5853B-2569-4696-AEA5-6D3EAC273704}.Release|x64.Deploy.0 = Release|x64
		{84D5853B-2569-4696-AEA5-6D3EAC273704}.Release|x86.ActiveCfg = Release|x86
		{84D5853B-2569-4696-AEA5-6D3EAC273704}.Release|x86.Build.0 = Release|x86
		{84D5853B-2569-4696-AEA5-6D3EAC273704}.Release|x86.Deploy.0 = Release|x86
	EndGlobalSection
	GlobalSection(SolutionProperties) = preSolution
		HideSolutionNode = FALSE
	EndGlobalSection
	GlobalSection(NestedProjects) = preSolution
		{1F634EFC-0BB7-4059-8924-D4D718410B53} = {95D0DE2A-C88B-480B-96E0-8CE344A7FB17}
		{CC2528B8-2964-4145-BF72-1E1A591C1CC0} = {95D0DE2A-C88B-480B-96E0-8CE344A7FB17}
		{89F70D22-EC13-40D0-A0DD-D8B09577A0B8} = {EF0B6F6E-14DD-4E56-B3B7-153B1022A265}
		{8C3CEDB1-4BB0-4FF7-B4BE-A88F61B38E9A} = {9F4C9537-5DC4-4AEC-9AFB-096E657BE12F}
		{820B25AD-1845-4CF5-824C-9B552EC86A45} = {95D0DE2A-C88B-480B-96E0-8CE344A7FB17}
		{13253032-2924-40E9-8531-5D778AC6F033} = {EF0B6F6E-14DD-4E56-B3B7-153B1022A265}
		{B78F2F30-680D-4968-A655-BAA42040487E} = {3343B638-39B4-4F4A-9E94-3389C0A7B3EA}
		{9E91894D-FA02-4F02-A47C-8A68BA24D199} = {3343B638-39B4-4F4A-9E94-3389C0A7B3EA}
		{6B5825AD-4FDA-41DB-9EAB-4B8312CFE600} = {3343B638-39B4-4F4A-9E94-3389C0A7B3EA}
		{84D5853B-2569-4696-AEA5-6D3EAC273704} = {3343B638-39B4-4F4A-9E94-3389C0A7B3EA}
	EndGlobalSection
EndGlobal
